// !$*UTF8*$!
{
	archiveVersion = 1;
	classes = {
	};
	objectVersion = 56;
	objects = {

/* Begin PBXBuildFile section */
		1889E09695CA9A6AE408DABB /* Pods_SBadgeNoti.framework in Frameworks */ = {isa = PBXBuildFile; fileRef = 7089375A42992ED18069C4AF /* Pods_SBadgeNoti.framework */; };
		211216982A7980B800FA58A8 /* FirstMapView.swift in Sources */ = {isa = PBXBuildFile; fileRef = 211216972A7980B800FA58A8 /* FirstMapView.swift */; };
		2112169A2A7982CB00FA58A8 /* LocationManager.swift in Sources */ = {isa = PBXBuildFile; fileRef = 211216992A7982CB00FA58A8 /* LocationManager.swift */; };
		2112169D2A79841D00FA58A8 /* Model.swift in Sources */ = {isa = PBXBuildFile; fileRef = 2112169C2A79841D00FA58A8 /* Model.swift */; };
		211216A12A79847A00FA58A8 /* NaverView.swift in Sources */ = {isa = PBXBuildFile; fileRef = 211216A02A79847A00FA58A8 /* NaverView.swift */; };
		211216AB2A7E888B00FA58A8 /* CoreMotion.framework in Frameworks */ = {isa = PBXBuildFile; fileRef = 211216AA2A7E888A00FA58A8 /* CoreMotion.framework */; };
		211216AD2A7E889300FA58A8 /* OrientationManager.swift in Sources */ = {isa = PBXBuildFile; fileRef = 211216AC2A7E889300FA58A8 /* OrientationManager.swift */; };
		211216AF2A7E88CF00FA58A8 /* MapViewWithHeading.swift in Sources */ = {isa = PBXBuildFile; fileRef = 211216AE2A7E88CF00FA58A8 /* MapViewWithHeading.swift */; };
		211216B12A8174F500FA58A8 /* PushTestView.swift in Sources */ = {isa = PBXBuildFile; fileRef = 211216B02A8174F500FA58A8 /* PushTestView.swift */; };
		212A289B2A6D760C0018F8F4 /* S_BadgeApp.swift in Sources */ = {isa = PBXBuildFile; fileRef = 212A289A2A6D760C0018F8F4 /* S_BadgeApp.swift */; };
		212A289F2A6D760D0018F8F4 /* Assets.xcassets in Resources */ = {isa = PBXBuildFile; fileRef = 212A289E2A6D760D0018F8F4 /* Assets.xcassets */; };
		212A28A22A6D760D0018F8F4 /* Preview Assets.xcassets in Resources */ = {isa = PBXBuildFile; fileRef = 212A28A12A6D760D0018F8F4 /* Preview Assets.xcassets */; };
		212A28AC2A6D760D0018F8F4 /* S_BadgeTests.swift in Sources */ = {isa = PBXBuildFile; fileRef = 212A28AB2A6D760D0018F8F4 /* S_BadgeTests.swift */; };
		212A28B62A6D760D0018F8F4 /* S_BadgeUITests.swift in Sources */ = {isa = PBXBuildFile; fileRef = 212A28B52A6D760D0018F8F4 /* S_BadgeUITests.swift */; };
		212A28B82A6D760D0018F8F4 /* S_BadgeUITestsLaunchTests.swift in Sources */ = {isa = PBXBuildFile; fileRef = 212A28B72A6D760D0018F8F4 /* S_BadgeUITestsLaunchTests.swift */; };
		212A28C52A6DD92C0018F8F4 /* BluetoothManager.swift in Sources */ = {isa = PBXBuildFile; fileRef = 212A28C42A6DD92C0018F8F4 /* BluetoothManager.swift */; };
		212A28C72A6DDB370018F8F4 /* AppDelegate.swift in Sources */ = {isa = PBXBuildFile; fileRef = 212A28C62A6DDB370018F8F4 /* AppDelegate.swift */; };
		212A28D02A6DEC960018F8F4 /* UserNotifications.framework in Frameworks */ = {isa = PBXBuildFile; fileRef = 212A28CF2A6DEC960018F8F4 /* UserNotifications.framework */; };
		212A28D22A6DEC960018F8F4 /* UserNotificationsUI.framework in Frameworks */ = {isa = PBXBuildFile; fileRef = 212A28D12A6DEC960018F8F4 /* UserNotificationsUI.framework */; };
		212A28D52A6DEC960018F8F4 /* NotificationViewController.swift in Sources */ = {isa = PBXBuildFile; fileRef = 212A28D42A6DEC960018F8F4 /* NotificationViewController.swift */; };
		212A28D82A6DEC960018F8F4 /* MainInterface.storyboard in Resources */ = {isa = PBXBuildFile; fileRef = 212A28D62A6DEC960018F8F4 /* MainInterface.storyboard */; };
		212A28DC2A6DEC960018F8F4 /* SBadgeNoti.appex in Embed Foundation Extensions */ = {isa = PBXBuildFile; fileRef = 212A28CD2A6DEC960018F8F4 /* SBadgeNoti.appex */; settings = {ATTRIBUTES = (RemoveHeadersOnCopy, ); }; };
		2153FB1C2A75229E0010F5E9 /* DirectionMapView.swift in Sources */ = {isa = PBXBuildFile; fileRef = 2153FB1B2A75229E0010F5E9 /* DirectionMapView.swift */; };
		2153FB1E2A7688460010F5E9 /* SettingsView.swift in Sources */ = {isa = PBXBuildFile; fileRef = 2153FB1D2A7688460010F5E9 /* SettingsView.swift */; };
		2153FB202A76D0F30010F5E9 /* MapMarkerView.swift in Sources */ = {isa = PBXBuildFile; fileRef = 2153FB1F2A76D0F30010F5E9 /* MapMarkerView.swift */; };
		2153FB222A76D3C10010F5E9 /* CoreLocation.framework in Frameworks */ = {isa = PBXBuildFile; fileRef = 2153FB212A76D3C10010F5E9 /* CoreLocation.framework */; };
		217017A52A73E3C8003E26EE /* MainView.swift in Sources */ = {isa = PBXBuildFile; fileRef = 217017A42A73E3C8003E26EE /* MainView.swift */; };
		499F8064B3C687528CCA03B2 /* Pods_S_Badge.framework in Frameworks */ = {isa = PBXBuildFile; fileRef = 53C1E5B0EF897689FED1D45B /* Pods_S_Badge.framework */; };
		D13087A95808EE7C1C7262EC /* Pods_S_Badge_S_BadgeUITests.framework in Frameworks */ = {isa = PBXBuildFile; fileRef = 83BB036ECFC87E12EF45ADF8 /* Pods_S_Badge_S_BadgeUITests.framework */; };
		F6DFA8DF0BE312FDB8F529E0 /* Pods_S_BadgeTests.framework in Frameworks */ = {isa = PBXBuildFile; fileRef = 777A6A69AC9DC742F598F331 /* Pods_S_BadgeTests.framework */; };
/* End PBXBuildFile section */

/* Begin PBXContainerItemProxy section */
		212A28A82A6D760D0018F8F4 /* PBXContainerItemProxy */ = {
			isa = PBXContainerItemProxy;
			containerPortal = 212A288F2A6D760C0018F8F4 /* Project object */;
			proxyType = 1;
			remoteGlobalIDString = 212A28962A6D760C0018F8F4;
			remoteInfo = "S-Badge";
		};
		212A28B22A6D760D0018F8F4 /* PBXContainerItemProxy */ = {
			isa = PBXContainerItemProxy;
			containerPortal = 212A288F2A6D760C0018F8F4 /* Project object */;
			proxyType = 1;
			remoteGlobalIDString = 212A28962A6D760C0018F8F4;
			remoteInfo = "S-Badge";
		};
		212A28DA2A6DEC960018F8F4 /* PBXContainerItemProxy */ = {
			isa = PBXContainerItemProxy;
			containerPortal = 212A288F2A6D760C0018F8F4 /* Project object */;
			proxyType = 1;
			remoteGlobalIDString = 212A28CC2A6DEC960018F8F4;
			remoteInfo = SBadgeNoti;
		};
/* End PBXContainerItemProxy section */

/* Begin PBXCopyFilesBuildPhase section */
		212A28E02A6DEC960018F8F4 /* Embed Foundation Extensions */ = {
			isa = PBXCopyFilesBuildPhase;
			buildActionMask = 2147483647;
			dstPath = "";
			dstSubfolderSpec = 13;
			files = (
				212A28DC2A6DEC960018F8F4 /* SBadgeNoti.appex in Embed Foundation Extensions */,
			);
			name = "Embed Foundation Extensions";
			runOnlyForDeploymentPostprocessing = 0;
		};
/* End PBXCopyFilesBuildPhase section */

/* Begin PBXFileReference section */
		07C2EF734694288DA18A3A1E /* Pods-SBadgeNoti.release.xcconfig */ = {isa = PBXFileReference; includeInIndex = 1; lastKnownFileType = text.xcconfig; name = "Pods-SBadgeNoti.release.xcconfig"; path = "Target Support Files/Pods-SBadgeNoti/Pods-SBadgeNoti.release.xcconfig"; sourceTree = "<group>"; };
		13FF132B01C7EEC86879664E /* Pods-S-BadgeTests.debug.xcconfig */ = {isa = PBXFileReference; includeInIndex = 1; lastKnownFileType = text.xcconfig; name = "Pods-S-BadgeTests.debug.xcconfig"; path = "Target Support Files/Pods-S-BadgeTests/Pods-S-BadgeTests.debug.xcconfig"; sourceTree = "<group>"; };
		211216972A7980B800FA58A8 /* FirstMapView.swift */ = {isa = PBXFileReference; lastKnownFileType = sourcecode.swift; path = FirstMapView.swift; sourceTree = "<group>"; };
		211216992A7982CB00FA58A8 /* LocationManager.swift */ = {isa = PBXFileReference; lastKnownFileType = sourcecode.swift; path = LocationManager.swift; sourceTree = "<group>"; };
		2112169C2A79841D00FA58A8 /* Model.swift */ = {isa = PBXFileReference; lastKnownFileType = sourcecode.swift; path = Model.swift; sourceTree = "<group>"; };
		211216A02A79847A00FA58A8 /* NaverView.swift */ = {isa = PBXFileReference; lastKnownFileType = sourcecode.swift; path = NaverView.swift; sourceTree = "<group>"; };
		211216AA2A7E888A00FA58A8 /* CoreMotion.framework */ = {isa = PBXFileReference; lastKnownFileType = wrapper.framework; name = CoreMotion.framework; path = System/Library/Frameworks/CoreMotion.framework; sourceTree = SDKROOT; };
		211216AC2A7E889300FA58A8 /* OrientationManager.swift */ = {isa = PBXFileReference; lastKnownFileType = sourcecode.swift; path = OrientationManager.swift; sourceTree = "<group>"; };
		211216AE2A7E88CF00FA58A8 /* MapViewWithHeading.swift */ = {isa = PBXFileReference; lastKnownFileType = sourcecode.swift; path = MapViewWithHeading.swift; sourceTree = "<group>"; };
		211216B02A8174F500FA58A8 /* PushTestView.swift */ = {isa = PBXFileReference; lastKnownFileType = sourcecode.swift; path = PushTestView.swift; sourceTree = "<group>"; };
		212A28972A6D760C0018F8F4 /* S-Badge.app */ = {isa = PBXFileReference; explicitFileType = wrapper.application; includeInIndex = 0; path = "S-Badge.app"; sourceTree = BUILT_PRODUCTS_DIR; };
		212A289A2A6D760C0018F8F4 /* S_BadgeApp.swift */ = {isa = PBXFileReference; lastKnownFileType = sourcecode.swift; path = S_BadgeApp.swift; sourceTree = "<group>"; };
		212A289E2A6D760D0018F8F4 /* Assets.xcassets */ = {isa = PBXFileReference; lastKnownFileType = folder.assetcatalog; path = Assets.xcassets; sourceTree = "<group>"; };
		212A28A12A6D760D0018F8F4 /* Preview Assets.xcassets */ = {isa = PBXFileReference; lastKnownFileType = folder.assetcatalog; path = "Preview Assets.xcassets"; sourceTree = "<group>"; };
		212A28A72A6D760D0018F8F4 /* S-BadgeTests.xctest */ = {isa = PBXFileReference; explicitFileType = wrapper.cfbundle; includeInIndex = 0; path = "S-BadgeTests.xctest"; sourceTree = BUILT_PRODUCTS_DIR; };
		212A28AB2A6D760D0018F8F4 /* S_BadgeTests.swift */ = {isa = PBXFileReference; lastKnownFileType = sourcecode.swift; path = S_BadgeTests.swift; sourceTree = "<group>"; };
		212A28B12A6D760D0018F8F4 /* S-BadgeUITests.xctest */ = {isa = PBXFileReference; explicitFileType = wrapper.cfbundle; includeInIndex = 0; path = "S-BadgeUITests.xctest"; sourceTree = BUILT_PRODUCTS_DIR; };
		212A28B52A6D760D0018F8F4 /* S_BadgeUITests.swift */ = {isa = PBXFileReference; lastKnownFileType = sourcecode.swift; path = S_BadgeUITests.swift; sourceTree = "<group>"; };
		212A28B72A6D760D0018F8F4 /* S_BadgeUITestsLaunchTests.swift */ = {isa = PBXFileReference; lastKnownFileType = sourcecode.swift; path = S_BadgeUITestsLaunchTests.swift; sourceTree = "<group>"; };
		212A28C42A6DD92C0018F8F4 /* BluetoothManager.swift */ = {isa = PBXFileReference; lastKnownFileType = sourcecode.swift; path = BluetoothManager.swift; sourceTree = "<group>"; };
		212A28C62A6DDB370018F8F4 /* AppDelegate.swift */ = {isa = PBXFileReference; lastKnownFileType = sourcecode.swift; path = AppDelegate.swift; sourceTree = "<group>"; };
		212A28C82A6DDF470018F8F4 /* Info.plist */ = {isa = PBXFileReference; lastKnownFileType = text.plist; path = Info.plist; sourceTree = "<group>"; };
		212A28CD2A6DEC960018F8F4 /* SBadgeNoti.appex */ = {isa = PBXFileReference; explicitFileType = "wrapper.app-extension"; includeInIndex = 0; path = SBadgeNoti.appex; sourceTree = BUILT_PRODUCTS_DIR; };
		212A28CF2A6DEC960018F8F4 /* UserNotifications.framework */ = {isa = PBXFileReference; lastKnownFileType = wrapper.framework; name = UserNotifications.framework; path = System/Library/Frameworks/UserNotifications.framework; sourceTree = SDKROOT; };
		212A28D12A6DEC960018F8F4 /* UserNotificationsUI.framework */ = {isa = PBXFileReference; lastKnownFileType = wrapper.framework; name = UserNotificationsUI.framework; path = System/Library/Frameworks/UserNotificationsUI.framework; sourceTree = SDKROOT; };
		212A28D42A6DEC960018F8F4 /* NotificationViewController.swift */ = {isa = PBXFileReference; lastKnownFileType = sourcecode.swift; path = NotificationViewController.swift; sourceTree = "<group>"; };
		212A28D72A6DEC960018F8F4 /* Base */ = {isa = PBXFileReference; lastKnownFileType = file.storyboard; name = Base; path = Base.lproj/MainInterface.storyboard; sourceTree = "<group>"; };
		212A28D92A6DEC960018F8F4 /* Info.plist */ = {isa = PBXFileReference; lastKnownFileType = text.plist.xml; path = Info.plist; sourceTree = "<group>"; };
		2153FB1B2A75229E0010F5E9 /* DirectionMapView.swift */ = {isa = PBXFileReference; lastKnownFileType = sourcecode.swift; path = DirectionMapView.swift; sourceTree = "<group>"; };
		2153FB1D2A7688460010F5E9 /* SettingsView.swift */ = {isa = PBXFileReference; lastKnownFileType = sourcecode.swift; path = SettingsView.swift; sourceTree = "<group>"; };
		2153FB1F2A76D0F30010F5E9 /* MapMarkerView.swift */ = {isa = PBXFileReference; lastKnownFileType = sourcecode.swift; path = MapMarkerView.swift; sourceTree = "<group>"; };
		2153FB212A76D3C10010F5E9 /* CoreLocation.framework */ = {isa = PBXFileReference; lastKnownFileType = wrapper.framework; name = CoreLocation.framework; path = System/Library/Frameworks/CoreLocation.framework; sourceTree = SDKROOT; };
		217017A42A73E3C8003E26EE /* MainView.swift */ = {isa = PBXFileReference; lastKnownFileType = sourcecode.swift; path = MainView.swift; sourceTree = "<group>"; };
		53C1E5B0EF897689FED1D45B /* Pods_S_Badge.framework */ = {isa = PBXFileReference; explicitFileType = wrapper.framework; includeInIndex = 0; path = Pods_S_Badge.framework; sourceTree = BUILT_PRODUCTS_DIR; };
		581C0FC7B803FE492830B73B /* Pods-S-BadgeTests.release.xcconfig */ = {isa = PBXFileReference; includeInIndex = 1; lastKnownFileType = text.xcconfig; name = "Pods-S-BadgeTests.release.xcconfig"; path = "Target Support Files/Pods-S-BadgeTests/Pods-S-BadgeTests.release.xcconfig"; sourceTree = "<group>"; };
		5B5445EEFB2083CAE606F169 /* Pods-S-Badge-S-BadgeUITests.debug.xcconfig */ = {isa = PBXFileReference; includeInIndex = 1; lastKnownFileType = text.xcconfig; name = "Pods-S-Badge-S-BadgeUITests.debug.xcconfig"; path = "Target Support Files/Pods-S-Badge-S-BadgeUITests/Pods-S-Badge-S-BadgeUITests.debug.xcconfig"; sourceTree = "<group>"; };
		7089375A42992ED18069C4AF /* Pods_SBadgeNoti.framework */ = {isa = PBXFileReference; explicitFileType = wrapper.framework; includeInIndex = 0; path = Pods_SBadgeNoti.framework; sourceTree = BUILT_PRODUCTS_DIR; };
		74FE67155317C0ECEDB2941D /* Pods-S-Badge-S-BadgeUITests.release.xcconfig */ = {isa = PBXFileReference; includeInIndex = 1; lastKnownFileType = text.xcconfig; name = "Pods-S-Badge-S-BadgeUITests.release.xcconfig"; path = "Target Support Files/Pods-S-Badge-S-BadgeUITests/Pods-S-Badge-S-BadgeUITests.release.xcconfig"; sourceTree = "<group>"; };
		777A6A69AC9DC742F598F331 /* Pods_S_BadgeTests.framework */ = {isa = PBXFileReference; explicitFileType = wrapper.framework; includeInIndex = 0; path = Pods_S_BadgeTests.framework; sourceTree = BUILT_PRODUCTS_DIR; };
		83BB036ECFC87E12EF45ADF8 /* Pods_S_Badge_S_BadgeUITests.framework */ = {isa = PBXFileReference; explicitFileType = wrapper.framework; includeInIndex = 0; path = Pods_S_Badge_S_BadgeUITests.framework; sourceTree = BUILT_PRODUCTS_DIR; };
		99A5E69E89C426FBAB57B874 /* Pods-S-Badge.release.xcconfig */ = {isa = PBXFileReference; includeInIndex = 1; lastKnownFileType = text.xcconfig; name = "Pods-S-Badge.release.xcconfig"; path = "Target Support Files/Pods-S-Badge/Pods-S-Badge.release.xcconfig"; sourceTree = "<group>"; };
		C572DA2DBCB16644C69E08F7 /* Pods-S-Badge.debug.xcconfig */ = {isa = PBXFileReference; includeInIndex = 1; lastKnownFileType = text.xcconfig; name = "Pods-S-Badge.debug.xcconfig"; path = "Target Support Files/Pods-S-Badge/Pods-S-Badge.debug.xcconfig"; sourceTree = "<group>"; };
		F6042C8B1F5CAA68603F311C /* Pods-SBadgeNoti.debug.xcconfig */ = {isa = PBXFileReference; includeInIndex = 1; lastKnownFileType = text.xcconfig; name = "Pods-SBadgeNoti.debug.xcconfig"; path = "Target Support Files/Pods-SBadgeNoti/Pods-SBadgeNoti.debug.xcconfig"; sourceTree = "<group>"; };
/* End PBXFileReference section */

/* Begin PBXFrameworksBuildPhase section */
		212A28942A6D760C0018F8F4 /* Frameworks */ = {
			isa = PBXFrameworksBuildPhase;
			buildActionMask = 2147483647;
			files = (
				2153FB222A76D3C10010F5E9 /* CoreLocation.framework in Frameworks */,
				211216AB2A7E888B00FA58A8 /* CoreMotion.framework in Frameworks */,
				499F8064B3C687528CCA03B2 /* Pods_S_Badge.framework in Frameworks */,
			);
			runOnlyForDeploymentPostprocessing = 0;
		};
		212A28A42A6D760D0018F8F4 /* Frameworks */ = {
			isa = PBXFrameworksBuildPhase;
			buildActionMask = 2147483647;
			files = (
				F6DFA8DF0BE312FDB8F529E0 /* Pods_S_BadgeTests.framework in Frameworks */,
			);
			runOnlyForDeploymentPostprocessing = 0;
		};
		212A28AE2A6D760D0018F8F4 /* Frameworks */ = {
			isa = PBXFrameworksBuildPhase;
			buildActionMask = 2147483647;
			files = (
				D13087A95808EE7C1C7262EC /* Pods_S_Badge_S_BadgeUITests.framework in Frameworks */,
			);
			runOnlyForDeploymentPostprocessing = 0;
		};
		212A28CA2A6DEC960018F8F4 /* Frameworks */ = {
			isa = PBXFrameworksBuildPhase;
			buildActionMask = 2147483647;
			files = (
				212A28D22A6DEC960018F8F4 /* UserNotificationsUI.framework in Frameworks */,
				212A28D02A6DEC960018F8F4 /* UserNotifications.framework in Frameworks */,
				1889E09695CA9A6AE408DABB /* Pods_SBadgeNoti.framework in Frameworks */,
			);
			runOnlyForDeploymentPostprocessing = 0;
		};
/* End PBXFrameworksBuildPhase section */

/* Begin PBXGroup section */
		139C0E832BC7FA432AF0878E /* Pods */ = {
			isa = PBXGroup;
			children = (
				C572DA2DBCB16644C69E08F7 /* Pods-S-Badge.debug.xcconfig */,
				99A5E69E89C426FBAB57B874 /* Pods-S-Badge.release.xcconfig */,
				5B5445EEFB2083CAE606F169 /* Pods-S-Badge-S-BadgeUITests.debug.xcconfig */,
				74FE67155317C0ECEDB2941D /* Pods-S-Badge-S-BadgeUITests.release.xcconfig */,
				13FF132B01C7EEC86879664E /* Pods-S-BadgeTests.debug.xcconfig */,
				581C0FC7B803FE492830B73B /* Pods-S-BadgeTests.release.xcconfig */,
				F6042C8B1F5CAA68603F311C /* Pods-SBadgeNoti.debug.xcconfig */,
				07C2EF734694288DA18A3A1E /* Pods-SBadgeNoti.release.xcconfig */,
			);
			path = Pods;
			sourceTree = "<group>";
		};
		2112169B2A79833500FA58A8 /* Model */ = {
			isa = PBXGroup;
			children = (
				2112169C2A79841D00FA58A8 /* Model.swift */,
			);
			path = Model;
			sourceTree = "<group>";
		};
		211216B22A817D5100FA58A8 /* View */ = {
			isa = PBXGroup;
			children = (
				212A28C62A6DDB370018F8F4 /* AppDelegate.swift */,
				212A28C42A6DD92C0018F8F4 /* BluetoothManager.swift */,
				2153FB1B2A75229E0010F5E9 /* DirectionMapView.swift */,
				211216972A7980B800FA58A8 /* FirstMapView.swift */,
				217017A42A73E3C8003E26EE /* MainView.swift */,
				2153FB1F2A76D0F30010F5E9 /* MapMarkerView.swift */,
				211216AE2A7E88CF00FA58A8 /* MapViewWithHeading.swift */,
				211216A02A79847A00FA58A8 /* NaverView.swift */,
				211216AC2A7E889300FA58A8 /* OrientationManager.swift */,
				2153FB1D2A7688460010F5E9 /* SettingsView.swift */,
			);
			path = View;
			sourceTree = "<group>";
		};
		211216B32A817D5800FA58A8 /* ViewModel */ = {
			isa = PBXGroup;
			children = (
				211216B02A8174F500FA58A8 /* PushTestView.swift */,
				211216992A7982CB00FA58A8 /* LocationManager.swift */,
			);
			path = ViewModel;
			sourceTree = "<group>";
		};
		212A288E2A6D760C0018F8F4 = {
			isa = PBXGroup;
			children = (
				212A28CE2A6DEC960018F8F4 /* Frameworks */,
				139C0E832BC7FA432AF0878E /* Pods */,
				212A28982A6D760C0018F8F4 /* Products */,
				212A28992A6D760C0018F8F4 /* S-Badge */,
				212A28AA2A6D760D0018F8F4 /* S-BadgeTests */,
				212A28B42A6D760D0018F8F4 /* S-BadgeUITests */,
				212A28D32A6DEC960018F8F4 /* SBadgeNoti */,
			);
			sourceTree = "<group>";
		};
		212A28982A6D760C0018F8F4 /* Products */ = {
			isa = PBXGroup;
			children = (
				212A28972A6D760C0018F8F4 /* S-Badge.app */,
				212A28A72A6D760D0018F8F4 /* S-BadgeTests.xctest */,
				212A28B12A6D760D0018F8F4 /* S-BadgeUITests.xctest */,
				212A28CD2A6DEC960018F8F4 /* SBadgeNoti.appex */,
			);
			name = Products;
			sourceTree = "<group>";
		};
		212A28992A6D760C0018F8F4 /* S-Badge */ = {
			isa = PBXGroup;
			children = (
				212A289A2A6D760C0018F8F4 /* S_BadgeApp.swift */,
				212A28C82A6DDF470018F8F4 /* Info.plist */,
				212A289E2A6D760D0018F8F4 /* Assets.xcassets */,
				211216B22A817D5100FA58A8 /* View */,
				211216B32A817D5800FA58A8 /* ViewModel */,
				2112169B2A79833500FA58A8 /* Model */,
				212A28A02A6D760D0018F8F4 /* Preview Content */,
			);
			path = "S-Badge";
			sourceTree = "<group>";
		};
		212A28A02A6D760D0018F8F4 /* Preview Content */ = {
			isa = PBXGroup;
			children = (
				212A28A12A6D760D0018F8F4 /* Preview Assets.xcassets */,
			);
			path = "Preview Content";
			sourceTree = "<group>";
		};
		212A28AA2A6D760D0018F8F4 /* S-BadgeTests */ = {
			isa = PBXGroup;
			children = (
				212A28AB2A6D760D0018F8F4 /* S_BadgeTests.swift */,
			);
			path = "S-BadgeTests";
			sourceTree = "<group>";
		};
		212A28B42A6D760D0018F8F4 /* S-BadgeUITests */ = {
			isa = PBXGroup;
			children = (
				212A28B52A6D760D0018F8F4 /* S_BadgeUITests.swift */,
				212A28B72A6D760D0018F8F4 /* S_BadgeUITestsLaunchTests.swift */,
			);
			path = "S-BadgeUITests";
			sourceTree = "<group>";
		};
		212A28CE2A6DEC960018F8F4 /* Frameworks */ = {
			isa = PBXGroup;
			children = (
				211216AA2A7E888A00FA58A8 /* CoreMotion.framework */,
				2153FB212A76D3C10010F5E9 /* CoreLocation.framework */,
				212A28CF2A6DEC960018F8F4 /* UserNotifications.framework */,
				212A28D12A6DEC960018F8F4 /* UserNotificationsUI.framework */,
				53C1E5B0EF897689FED1D45B /* Pods_S_Badge.framework */,
				83BB036ECFC87E12EF45ADF8 /* Pods_S_Badge_S_BadgeUITests.framework */,
				777A6A69AC9DC742F598F331 /* Pods_S_BadgeTests.framework */,
				7089375A42992ED18069C4AF /* Pods_SBadgeNoti.framework */,
			);
			name = Frameworks;
			sourceTree = "<group>";
		};
		212A28D32A6DEC960018F8F4 /* SBadgeNoti */ = {
			isa = PBXGroup;
			children = (
				212A28D42A6DEC960018F8F4 /* NotificationViewController.swift */,
				212A28D62A6DEC960018F8F4 /* MainInterface.storyboard */,
				212A28D92A6DEC960018F8F4 /* Info.plist */,
			);
			path = SBadgeNoti;
			sourceTree = "<group>";
		};
/* End PBXGroup section */

/* Begin PBXNativeTarget section */
		212A28962A6D760C0018F8F4 /* S-Badge */ = {
			isa = PBXNativeTarget;
			buildConfigurationList = 212A28BB2A6D760D0018F8F4 /* Build configuration list for PBXNativeTarget "S-Badge" */;
			buildPhases = (
				8B4AE7E99B4C0A1B3C7E09F7 /* [CP] Check Pods Manifest.lock */,
				212A28932A6D760C0018F8F4 /* Sources */,
				212A28942A6D760C0018F8F4 /* Frameworks */,
				212A28952A6D760C0018F8F4 /* Resources */,
				212A28E02A6DEC960018F8F4 /* Embed Foundation Extensions */,
				2E0F5FEF59E1168FD00F2A02 /* [CP] Embed Pods Frameworks */,
			);
			buildRules = (
			);
			dependencies = (
				212A28DB2A6DEC960018F8F4 /* PBXTargetDependency */,
			);
			name = "S-Badge";
			productName = "S-Badge";
			productReference = 212A28972A6D760C0018F8F4 /* S-Badge.app */;
			productType = "com.apple.product-type.application";
		};
		212A28A62A6D760D0018F8F4 /* S-BadgeTests */ = {
			isa = PBXNativeTarget;
			buildConfigurationList = 212A28BE2A6D760D0018F8F4 /* Build configuration list for PBXNativeTarget "S-BadgeTests" */;
			buildPhases = (
				24B675BB9E0C129EE2C273E9 /* [CP] Check Pods Manifest.lock */,
				212A28A32A6D760D0018F8F4 /* Sources */,
				212A28A42A6D760D0018F8F4 /* Frameworks */,
				212A28A52A6D760D0018F8F4 /* Resources */,
			);
			buildRules = (
			);
			dependencies = (
				212A28A92A6D760D0018F8F4 /* PBXTargetDependency */,
			);
			name = "S-BadgeTests";
			productName = "S-BadgeTests";
			productReference = 212A28A72A6D760D0018F8F4 /* S-BadgeTests.xctest */;
			productType = "com.apple.product-type.bundle.unit-test";
		};
		212A28B02A6D760D0018F8F4 /* S-BadgeUITests */ = {
			isa = PBXNativeTarget;
			buildConfigurationList = 212A28C12A6D760D0018F8F4 /* Build configuration list for PBXNativeTarget "S-BadgeUITests" */;
			buildPhases = (
				28F43D8B03A3F0DB91D6C486 /* [CP] Check Pods Manifest.lock */,
				212A28AD2A6D760D0018F8F4 /* Sources */,
				212A28AE2A6D760D0018F8F4 /* Frameworks */,
				212A28AF2A6D760D0018F8F4 /* Resources */,
				22D2C6BA13048209A1192B8D /* [CP] Embed Pods Frameworks */,
			);
			buildRules = (
			);
			dependencies = (
				212A28B32A6D760D0018F8F4 /* PBXTargetDependency */,
			);
			name = "S-BadgeUITests";
			productName = "S-BadgeUITests";
			productReference = 212A28B12A6D760D0018F8F4 /* S-BadgeUITests.xctest */;
			productType = "com.apple.product-type.bundle.ui-testing";
		};
		212A28CC2A6DEC960018F8F4 /* SBadgeNoti */ = {
			isa = PBXNativeTarget;
			buildConfigurationList = 212A28DD2A6DEC960018F8F4 /* Build configuration list for PBXNativeTarget "SBadgeNoti" */;
			buildPhases = (
				0C07DABDA46F26F57EFC2E0F /* [CP] Check Pods Manifest.lock */,
				212A28C92A6DEC960018F8F4 /* Sources */,
				212A28CA2A6DEC960018F8F4 /* Frameworks */,
				212A28CB2A6DEC960018F8F4 /* Resources */,
			);
			buildRules = (
			);
			dependencies = (
			);
			name = SBadgeNoti;
			productName = SBadgeNoti;
			productReference = 212A28CD2A6DEC960018F8F4 /* SBadgeNoti.appex */;
			productType = "com.apple.product-type.app-extension";
		};
/* End PBXNativeTarget section */

/* Begin PBXProject section */
		212A288F2A6D760C0018F8F4 /* Project object */ = {
			isa = PBXProject;
			attributes = {
				BuildIndependentTargetsInParallel = 1;
				LastSwiftUpdateCheck = 1430;
				LastUpgradeCheck = 1430;
				TargetAttributes = {
					212A28962A6D760C0018F8F4 = {
						CreatedOnToolsVersion = 14.3.1;
					};
					212A28A62A6D760D0018F8F4 = {
						CreatedOnToolsVersion = 14.3.1;
						TestTargetID = 212A28962A6D760C0018F8F4;
					};
					212A28B02A6D760D0018F8F4 = {
						CreatedOnToolsVersion = 14.3.1;
						TestTargetID = 212A28962A6D760C0018F8F4;
					};
					212A28CC2A6DEC960018F8F4 = {
						CreatedOnToolsVersion = 14.3.1;
					};
				};
			};
			buildConfigurationList = 212A28922A6D760C0018F8F4 /* Build configuration list for PBXProject "S-Badge" */;
			compatibilityVersion = "Xcode 14.0";
			developmentRegion = en;
			hasScannedForEncodings = 0;
			knownRegions = (
				en,
				Base,
			);
			mainGroup = 212A288E2A6D760C0018F8F4;
			productRefGroup = 212A28982A6D760C0018F8F4 /* Products */;
			projectDirPath = "";
			projectRoot = "";
			targets = (
				212A28962A6D760C0018F8F4 /* S-Badge */,
				212A28A62A6D760D0018F8F4 /* S-BadgeTests */,
				212A28B02A6D760D0018F8F4 /* S-BadgeUITests */,
				212A28CC2A6DEC960018F8F4 /* SBadgeNoti */,
			);
		};
/* End PBXProject section */

/* Begin PBXResourcesBuildPhase section */
		212A28952A6D760C0018F8F4 /* Resources */ = {
			isa = PBXResourcesBuildPhase;
			buildActionMask = 2147483647;
			files = (
				212A28A22A6D760D0018F8F4 /* Preview Assets.xcassets in Resources */,
				212A289F2A6D760D0018F8F4 /* Assets.xcassets in Resources */,
			);
			runOnlyForDeploymentPostprocessing = 0;
		};
		212A28A52A6D760D0018F8F4 /* Resources */ = {
			isa = PBXResourcesBuildPhase;
			buildActionMask = 2147483647;
			files = (
			);
			runOnlyForDeploymentPostprocessing = 0;
		};
		212A28AF2A6D760D0018F8F4 /* Resources */ = {
			isa = PBXResourcesBuildPhase;
			buildActionMask = 2147483647;
			files = (
			);
			runOnlyForDeploymentPostprocessing = 0;
		};
		212A28CB2A6DEC960018F8F4 /* Resources */ = {
			isa = PBXResourcesBuildPhase;
			buildActionMask = 2147483647;
			files = (
				212A28D82A6DEC960018F8F4 /* MainInterface.storyboard in Resources */,
			);
			runOnlyForDeploymentPostprocessing = 0;
		};
/* End PBXResourcesBuildPhase section */

/* Begin PBXShellScriptBuildPhase section */
		0C07DABDA46F26F57EFC2E0F /* [CP] Check Pods Manifest.lock */ = {
			isa = PBXShellScriptBuildPhase;
			buildActionMask = 2147483647;
			files = (
			);
			inputFileListPaths = (
			);
			inputPaths = (
				"${PODS_PODFILE_DIR_PATH}/Podfile.lock",
				"${PODS_ROOT}/Manifest.lock",
			);
			name = "[CP] Check Pods Manifest.lock";
			outputFileListPaths = (
			);
			outputPaths = (
				"$(DERIVED_FILE_DIR)/Pods-SBadgeNoti-checkManifestLockResult.txt",
			);
			runOnlyForDeploymentPostprocessing = 0;
			shellPath = /bin/sh;
			shellScript = "diff \"${PODS_PODFILE_DIR_PATH}/Podfile.lock\" \"${PODS_ROOT}/Manifest.lock\" > /dev/null\nif [ $? != 0 ] ; then\n    # print error to STDERR\n    echo \"error: The sandbox is not in sync with the Podfile.lock. Run 'pod install' or update your CocoaPods installation.\" >&2\n    exit 1\nfi\n# This output is used by Xcode 'outputs' to avoid re-running this script phase.\necho \"SUCCESS\" > \"${SCRIPT_OUTPUT_FILE_0}\"\n";
			showEnvVarsInLog = 0;
		};
		22D2C6BA13048209A1192B8D /* [CP] Embed Pods Frameworks */ = {
			isa = PBXShellScriptBuildPhase;
			buildActionMask = 2147483647;
			files = (
			);
			inputFileListPaths = (
				"${PODS_ROOT}/Target Support Files/Pods-S-Badge-S-BadgeUITests/Pods-S-Badge-S-BadgeUITests-frameworks-${CONFIGURATION}-input-files.xcfilelist",
			);
			name = "[CP] Embed Pods Frameworks";
			outputFileListPaths = (
				"${PODS_ROOT}/Target Support Files/Pods-S-Badge-S-BadgeUITests/Pods-S-Badge-S-BadgeUITests-frameworks-${CONFIGURATION}-output-files.xcfilelist",
			);
			runOnlyForDeploymentPostprocessing = 0;
			shellPath = /bin/sh;
			shellScript = "\"${PODS_ROOT}/Target Support Files/Pods-S-Badge-S-BadgeUITests/Pods-S-Badge-S-BadgeUITests-frameworks.sh\"\n";
			showEnvVarsInLog = 0;
		};
		24B675BB9E0C129EE2C273E9 /* [CP] Check Pods Manifest.lock */ = {
			isa = PBXShellScriptBuildPhase;
			buildActionMask = 2147483647;
			files = (
			);
			inputFileListPaths = (
			);
			inputPaths = (
				"${PODS_PODFILE_DIR_PATH}/Podfile.lock",
				"${PODS_ROOT}/Manifest.lock",
			);
			name = "[CP] Check Pods Manifest.lock";
			outputFileListPaths = (
			);
			outputPaths = (
				"$(DERIVED_FILE_DIR)/Pods-S-BadgeTests-checkManifestLockResult.txt",
			);
			runOnlyForDeploymentPostprocessing = 0;
			shellPath = /bin/sh;
			shellScript = "diff \"${PODS_PODFILE_DIR_PATH}/Podfile.lock\" \"${PODS_ROOT}/Manifest.lock\" > /dev/null\nif [ $? != 0 ] ; then\n    # print error to STDERR\n    echo \"error: The sandbox is not in sync with the Podfile.lock. Run 'pod install' or update your CocoaPods installation.\" >&2\n    exit 1\nfi\n# This output is used by Xcode 'outputs' to avoid re-running this script phase.\necho \"SUCCESS\" > \"${SCRIPT_OUTPUT_FILE_0}\"\n";
			showEnvVarsInLog = 0;
		};
		28F43D8B03A3F0DB91D6C486 /* [CP] Check Pods Manifest.lock */ = {
			isa = PBXShellScriptBuildPhase;
			buildActionMask = 2147483647;
			files = (
			);
			inputFileListPaths = (
			);
			inputPaths = (
				"${PODS_PODFILE_DIR_PATH}/Podfile.lock",
				"${PODS_ROOT}/Manifest.lock",
			);
			name = "[CP] Check Pods Manifest.lock";
			outputFileListPaths = (
			);
			outputPaths = (
				"$(DERIVED_FILE_DIR)/Pods-S-Badge-S-BadgeUITests-checkManifestLockResult.txt",
			);
			runOnlyForDeploymentPostprocessing = 0;
			shellPath = /bin/sh;
			shellScript = "diff \"${PODS_PODFILE_DIR_PATH}/Podfile.lock\" \"${PODS_ROOT}/Manifest.lock\" > /dev/null\nif [ $? != 0 ] ; then\n    # print error to STDERR\n    echo \"error: The sandbox is not in sync with the Podfile.lock. Run 'pod install' or update your CocoaPods installation.\" >&2\n    exit 1\nfi\n# This output is used by Xcode 'outputs' to avoid re-running this script phase.\necho \"SUCCESS\" > \"${SCRIPT_OUTPUT_FILE_0}\"\n";
			showEnvVarsInLog = 0;
		};
		2E0F5FEF59E1168FD00F2A02 /* [CP] Embed Pods Frameworks */ = {
			isa = PBXShellScriptBuildPhase;
			buildActionMask = 2147483647;
			files = (
			);
			inputFileListPaths = (
				"${PODS_ROOT}/Target Support Files/Pods-S-Badge/Pods-S-Badge-frameworks-${CONFIGURATION}-input-files.xcfilelist",
			);
			name = "[CP] Embed Pods Frameworks";
			outputFileListPaths = (
				"${PODS_ROOT}/Target Support Files/Pods-S-Badge/Pods-S-Badge-frameworks-${CONFIGURATION}-output-files.xcfilelist",
			);
			runOnlyForDeploymentPostprocessing = 0;
			shellPath = /bin/sh;
			shellScript = "\"${PODS_ROOT}/Target Support Files/Pods-S-Badge/Pods-S-Badge-frameworks.sh\"\n";
			showEnvVarsInLog = 0;
		};
		8B4AE7E99B4C0A1B3C7E09F7 /* [CP] Check Pods Manifest.lock */ = {
			isa = PBXShellScriptBuildPhase;
			buildActionMask = 2147483647;
			files = (
			);
			inputFileListPaths = (
			);
			inputPaths = (
				"${PODS_PODFILE_DIR_PATH}/Podfile.lock",
				"${PODS_ROOT}/Manifest.lock",
			);
			name = "[CP] Check Pods Manifest.lock";
			outputFileListPaths = (
			);
			outputPaths = (
				"$(DERIVED_FILE_DIR)/Pods-S-Badge-checkManifestLockResult.txt",
			);
			runOnlyForDeploymentPostprocessing = 0;
			shellPath = /bin/sh;
			shellScript = "diff \"${PODS_PODFILE_DIR_PATH}/Podfile.lock\" \"${PODS_ROOT}/Manifest.lock\" > /dev/null\nif [ $? != 0 ] ; then\n    # print error to STDERR\n    echo \"error: The sandbox is not in sync with the Podfile.lock. Run 'pod install' or update your CocoaPods installation.\" >&2\n    exit 1\nfi\n# This output is used by Xcode 'outputs' to avoid re-running this script phase.\necho \"SUCCESS\" > \"${SCRIPT_OUTPUT_FILE_0}\"\n";
			showEnvVarsInLog = 0;
		};
/* End PBXShellScriptBuildPhase section */

/* Begin PBXSourcesBuildPhase section */
		212A28932A6D760C0018F8F4 /* Sources */ = {
			isa = PBXSourcesBuildPhase;
			buildActionMask = 2147483647;
			files = (
				2153FB1E2A7688460010F5E9 /* SettingsView.swift in Sources */,
				2153FB202A76D0F30010F5E9 /* MapMarkerView.swift in Sources */,
				211216AD2A7E889300FA58A8 /* OrientationManager.swift in Sources */,
				212A28C72A6DDB370018F8F4 /* AppDelegate.swift in Sources */,
				2112169D2A79841D00FA58A8 /* Model.swift in Sources */,
				2112169A2A7982CB00FA58A8 /* LocationManager.swift in Sources */,
				212A28C52A6DD92C0018F8F4 /* BluetoothManager.swift in Sources */,
				211216AF2A7E88CF00FA58A8 /* MapViewWithHeading.swift in Sources */,
				217017A52A73E3C8003E26EE /* MainView.swift in Sources */,
				211216982A7980B800FA58A8 /* FirstMapView.swift in Sources */,
				211216A12A79847A00FA58A8 /* NaverView.swift in Sources */,
				212A289B2A6D760C0018F8F4 /* S_BadgeApp.swift in Sources */,
				2153FB1C2A75229E0010F5E9 /* DirectionMapView.swift in Sources */,
				211216B12A8174F500FA58A8 /* PushTestView.swift in Sources */,
			);
			runOnlyForDeploymentPostprocessing = 0;
		};
		212A28A32A6D760D0018F8F4 /* Sources */ = {
			isa = PBXSourcesBuildPhase;
			buildActionMask = 2147483647;
			files = (
				212A28AC2A6D760D0018F8F4 /* S_BadgeTests.swift in Sources */,
			);
			runOnlyForDeploymentPostprocessing = 0;
		};
		212A28AD2A6D760D0018F8F4 /* Sources */ = {
			isa = PBXSourcesBuildPhase;
			buildActionMask = 2147483647;
			files = (
				212A28B82A6D760D0018F8F4 /* S_BadgeUITestsLaunchTests.swift in Sources */,
				212A28B62A6D760D0018F8F4 /* S_BadgeUITests.swift in Sources */,
			);
			runOnlyForDeploymentPostprocessing = 0;
		};
		212A28C92A6DEC960018F8F4 /* Sources */ = {
			isa = PBXSourcesBuildPhase;
			buildActionMask = 2147483647;
			files = (
				212A28D52A6DEC960018F8F4 /* NotificationViewController.swift in Sources */,
			);
			runOnlyForDeploymentPostprocessing = 0;
		};
/* End PBXSourcesBuildPhase section */

/* Begin PBXTargetDependency section */
		212A28A92A6D760D0018F8F4 /* PBXTargetDependency */ = {
			isa = PBXTargetDependency;
			target = 212A28962A6D760C0018F8F4 /* S-Badge */;
			targetProxy = 212A28A82A6D760D0018F8F4 /* PBXContainerItemProxy */;
		};
		212A28B32A6D760D0018F8F4 /* PBXTargetDependency */ = {
			isa = PBXTargetDependency;
			target = 212A28962A6D760C0018F8F4 /* S-Badge */;
			targetProxy = 212A28B22A6D760D0018F8F4 /* PBXContainerItemProxy */;
		};
		212A28DB2A6DEC960018F8F4 /* PBXTargetDependency */ = {
			isa = PBXTargetDependency;
			target = 212A28CC2A6DEC960018F8F4 /* SBadgeNoti */;
			targetProxy = 212A28DA2A6DEC960018F8F4 /* PBXContainerItemProxy */;
		};
/* End PBXTargetDependency section */

/* Begin PBXVariantGroup section */
		212A28D62A6DEC960018F8F4 /* MainInterface.storyboard */ = {
			isa = PBXVariantGroup;
			children = (
				212A28D72A6DEC960018F8F4 /* Base */,
			);
			name = MainInterface.storyboard;
			sourceTree = "<group>";
		};
/* End PBXVariantGroup section */

/* Begin XCBuildConfiguration section */
		212A28B92A6D760D0018F8F4 /* Debug */ = {
			isa = XCBuildConfiguration;
			buildSettings = {
				ALWAYS_SEARCH_USER_PATHS = NO;
				CLANG_ANALYZER_NONNULL = YES;
				CLANG_ANALYZER_NUMBER_OBJECT_CONVERSION = YES_AGGRESSIVE;
				CLANG_CXX_LANGUAGE_STANDARD = "gnu++20";
				CLANG_ENABLE_MODULES = YES;
				CLANG_ENABLE_OBJC_ARC = YES;
				CLANG_ENABLE_OBJC_WEAK = YES;
				CLANG_WARN_BLOCK_CAPTURE_AUTORELEASING = YES;
				CLANG_WARN_BOOL_CONVERSION = YES;
				CLANG_WARN_COMMA = YES;
				CLANG_WARN_CONSTANT_CONVERSION = YES;
				CLANG_WARN_DEPRECATED_OBJC_IMPLEMENTATIONS = YES;
				CLANG_WARN_DIRECT_OBJC_ISA_USAGE = YES_ERROR;
				CLANG_WARN_DOCUMENTATION_COMMENTS = YES;
				CLANG_WARN_EMPTY_BODY = YES;
				CLANG_WARN_ENUM_CONVERSION = YES;
				CLANG_WARN_INFINITE_RECURSION = YES;
				CLANG_WARN_INT_CONVERSION = YES;
				CLANG_WARN_NON_LITERAL_NULL_CONVERSION = YES;
				CLANG_WARN_OBJC_IMPLICIT_RETAIN_SELF = YES;
				CLANG_WARN_OBJC_LITERAL_CONVERSION = YES;
				CLANG_WARN_OBJC_ROOT_CLASS = YES_ERROR;
				CLANG_WARN_QUOTED_INCLUDE_IN_FRAMEWORK_HEADER = YES;
				CLANG_WARN_RANGE_LOOP_ANALYSIS = YES;
				CLANG_WARN_STRICT_PROTOTYPES = YES;
				CLANG_WARN_SUSPICIOUS_MOVE = YES;
				CLANG_WARN_UNGUARDED_AVAILABILITY = YES_AGGRESSIVE;
				CLANG_WARN_UNREACHABLE_CODE = YES;
				CLANG_WARN__DUPLICATE_METHOD_MATCH = YES;
				COPY_PHASE_STRIP = NO;
				DEBUG_INFORMATION_FORMAT = dwarf;
				ENABLE_STRICT_OBJC_MSGSEND = YES;
				ENABLE_TESTABILITY = YES;
				GCC_C_LANGUAGE_STANDARD = gnu11;
				GCC_DYNAMIC_NO_PIC = NO;
				GCC_NO_COMMON_BLOCKS = YES;
				GCC_OPTIMIZATION_LEVEL = 0;
				GCC_PREPROCESSOR_DEFINITIONS = (
					"DEBUG=1",
					"$(inherited)",
				);
				GCC_WARN_64_TO_32_BIT_CONVERSION = YES;
				GCC_WARN_ABOUT_RETURN_TYPE = YES_ERROR;
				GCC_WARN_UNDECLARED_SELECTOR = YES;
				GCC_WARN_UNINITIALIZED_AUTOS = YES_AGGRESSIVE;
				GCC_WARN_UNUSED_FUNCTION = YES;
				GCC_WARN_UNUSED_VARIABLE = YES;
				IPHONEOS_DEPLOYMENT_TARGET = 16.4;
				MTL_ENABLE_DEBUG_INFO = INCLUDE_SOURCE;
				MTL_FAST_MATH = YES;
				ONLY_ACTIVE_ARCH = YES;
				SDKROOT = iphoneos;
				SWIFT_ACTIVE_COMPILATION_CONDITIONS = DEBUG;
				SWIFT_OPTIMIZATION_LEVEL = "-Onone";
			};
			name = Debug;
		};
		212A28BA2A6D760D0018F8F4 /* Release */ = {
			isa = XCBuildConfiguration;
			buildSettings = {
				ALWAYS_SEARCH_USER_PATHS = NO;
				CLANG_ANALYZER_NONNULL = YES;
				CLANG_ANALYZER_NUMBER_OBJECT_CONVERSION = YES_AGGRESSIVE;
				CLANG_CXX_LANGUAGE_STANDARD = "gnu++20";
				CLANG_ENABLE_MODULES = YES;
				CLANG_ENABLE_OBJC_ARC = YES;
				CLANG_ENABLE_OBJC_WEAK = YES;
				CLANG_WARN_BLOCK_CAPTURE_AUTORELEASING = YES;
				CLANG_WARN_BOOL_CONVERSION = YES;
				CLANG_WARN_COMMA = YES;
				CLANG_WARN_CONSTANT_CONVERSION = YES;
				CLANG_WARN_DEPRECATED_OBJC_IMPLEMENTATIONS = YES;
				CLANG_WARN_DIRECT_OBJC_ISA_USAGE = YES_ERROR;
				CLANG_WARN_DOCUMENTATION_COMMENTS = YES;
				CLANG_WARN_EMPTY_BODY = YES;
				CLANG_WARN_ENUM_CONVERSION = YES;
				CLANG_WARN_INFINITE_RECURSION = YES;
				CLANG_WARN_INT_CONVERSION = YES;
				CLANG_WARN_NON_LITERAL_NULL_CONVERSION = YES;
				CLANG_WARN_OBJC_IMPLICIT_RETAIN_SELF = YES;
				CLANG_WARN_OBJC_LITERAL_CONVERSION = YES;
				CLANG_WARN_OBJC_ROOT_CLASS = YES_ERROR;
				CLANG_WARN_QUOTED_INCLUDE_IN_FRAMEWORK_HEADER = YES;
				CLANG_WARN_RANGE_LOOP_ANALYSIS = YES;
				CLANG_WARN_STRICT_PROTOTYPES = YES;
				CLANG_WARN_SUSPICIOUS_MOVE = YES;
				CLANG_WARN_UNGUARDED_AVAILABILITY = YES_AGGRESSIVE;
				CLANG_WARN_UNREACHABLE_CODE = YES;
				CLANG_WARN__DUPLICATE_METHOD_MATCH = YES;
				COPY_PHASE_STRIP = NO;
				DEBUG_INFORMATION_FORMAT = "dwarf-with-dsym";
				ENABLE_NS_ASSERTIONS = NO;
				ENABLE_STRICT_OBJC_MSGSEND = YES;
				GCC_C_LANGUAGE_STANDARD = gnu11;
				GCC_NO_COMMON_BLOCKS = YES;
				GCC_WARN_64_TO_32_BIT_CONVERSION = YES;
				GCC_WARN_ABOUT_RETURN_TYPE = YES_ERROR;
				GCC_WARN_UNDECLARED_SELECTOR = YES;
				GCC_WARN_UNINITIALIZED_AUTOS = YES_AGGRESSIVE;
				GCC_WARN_UNUSED_FUNCTION = YES;
				GCC_WARN_UNUSED_VARIABLE = YES;
				IPHONEOS_DEPLOYMENT_TARGET = 16.4;
				MTL_ENABLE_DEBUG_INFO = NO;
				MTL_FAST_MATH = YES;
				SDKROOT = iphoneos;
				SWIFT_COMPILATION_MODE = wholemodule;
				SWIFT_OPTIMIZATION_LEVEL = "-O";
				VALIDATE_PRODUCT = YES;
			};
			name = Release;
		};
		212A28BC2A6D760D0018F8F4 /* Debug */ = {
			isa = XCBuildConfiguration;
			baseConfigurationReference = C572DA2DBCB16644C69E08F7 /* Pods-S-Badge.debug.xcconfig */;
			buildSettings = {
				ALWAYS_EMBED_SWIFT_STANDARD_LIBRARIES = YES;
				ASSETCATALOG_COMPILER_APPICON_NAME = AppIcon;
				ASSETCATALOG_COMPILER_GLOBAL_ACCENT_COLOR_NAME = AccentColor;
				ASSETCATALOG_COMPILER_INCLUDE_ALL_APPICON_ASSETS = NO;
				CODE_SIGN_STYLE = Automatic;
				CURRENT_PROJECT_VERSION = 7;
				DEVELOPMENT_ASSET_PATHS = "\"S-Badge/Preview Content\"";
				DEVELOPMENT_TEAM = F5WP2FDW4U;
				ENABLE_PREVIEWS = YES;
				GENERATE_INFOPLIST_FILE = YES;
				INFOPLIST_FILE = "S-Badge/Info.plist";
				INFOPLIST_KEY_LSSupportsOpeningDocumentsInPlace = YES;
				INFOPLIST_KEY_NSLocationAlwaysAndWhenInUseUsageDescription = "허가";
				INFOPLIST_KEY_NSLocationWhenInUseUsageDescription = "";
				INFOPLIST_KEY_UIApplicationSceneManifest_Generation = YES;
				INFOPLIST_KEY_UIApplicationSupportsIndirectInputEvents = YES;
				INFOPLIST_KEY_UILaunchScreen_Generation = YES;
				INFOPLIST_KEY_UISupportedInterfaceOrientations_iPad = "UIInterfaceOrientationPortrait UIInterfaceOrientationPortraitUpsideDown UIInterfaceOrientationLandscapeLeft UIInterfaceOrientationLandscapeRight";
				INFOPLIST_KEY_UISupportedInterfaceOrientations_iPhone = "UIInterfaceOrientationPortrait UIInterfaceOrientationLandscapeLeft UIInterfaceOrientationLandscapeRight";
				LD_RUNPATH_SEARCH_PATHS = (
					"$(inherited)",
					"@executable_path/Frameworks",
				);
				MARKETING_VERSION = 1.0;
				PRODUCT_BUNDLE_IDENTIFIER = com.SBadge.FrontEnd;
				PRODUCT_NAME = "$(TARGET_NAME)";
				SWIFT_EMIT_LOC_STRINGS = YES;
				SWIFT_VERSION = 5.0;
				TARGETED_DEVICE_FAMILY = "1,2";
			};
			name = Debug;
		};
		212A28BD2A6D760D0018F8F4 /* Release */ = {
			isa = XCBuildConfiguration;
			baseConfigurationReference = 99A5E69E89C426FBAB57B874 /* Pods-S-Badge.release.xcconfig */;
			buildSettings = {
				ALWAYS_EMBED_SWIFT_STANDARD_LIBRARIES = YES;
				ASSETCATALOG_COMPILER_APPICON_NAME = AppIcon;
				ASSETCATALOG_COMPILER_GLOBAL_ACCENT_COLOR_NAME = AccentColor;
				ASSETCATALOG_COMPILER_INCLUDE_ALL_APPICON_ASSETS = NO;
				CODE_SIGN_STYLE = Automatic;
				CURRENT_PROJECT_VERSION = 7;
				DEVELOPMENT_ASSET_PATHS = "\"S-Badge/Preview Content\"";
				DEVELOPMENT_TEAM = F5WP2FDW4U;
				ENABLE_PREVIEWS = YES;
				GENERATE_INFOPLIST_FILE = YES;
				INFOPLIST_FILE = "S-Badge/Info.plist";
				INFOPLIST_KEY_LSSupportsOpeningDocumentsInPlace = YES;
				INFOPLIST_KEY_NSLocationAlwaysAndWhenInUseUsageDescription = "허가";
				INFOPLIST_KEY_NSLocationWhenInUseUsageDescription = "";
				INFOPLIST_KEY_UIApplicationSceneManifest_Generation = YES;
				INFOPLIST_KEY_UIApplicationSupportsIndirectInputEvents = YES;
				INFOPLIST_KEY_UILaunchScreen_Generation = YES;
				INFOPLIST_KEY_UISupportedInterfaceOrientations_iPad = "UIInterfaceOrientationPortrait UIInterfaceOrientationPortraitUpsideDown UIInterfaceOrientationLandscapeLeft UIInterfaceOrientationLandscapeRight";
				INFOPLIST_KEY_UISupportedInterfaceOrientations_iPhone = "UIInterfaceOrientationPortrait UIInterfaceOrientationLandscapeLeft UIInterfaceOrientationLandscapeRight";
				LD_RUNPATH_SEARCH_PATHS = (
					"$(inherited)",
					"@executable_path/Frameworks",
				);
				MARKETING_VERSION = 1.0;
				PRODUCT_BUNDLE_IDENTIFIER = com.SBadge.FrontEnd;
				PRODUCT_NAME = "$(TARGET_NAME)";
				SWIFT_EMIT_LOC_STRINGS = YES;
				SWIFT_VERSION = 5.0;
				TARGETED_DEVICE_FAMILY = "1,2";
			};
			name = Release;
		};
		212A28BF2A6D760D0018F8F4 /* Debug */ = {
			isa = XCBuildConfiguration;
			baseConfigurationReference = 13FF132B01C7EEC86879664E /* Pods-S-BadgeTests.debug.xcconfig */;
			buildSettings = {
				ALWAYS_EMBED_SWIFT_STANDARD_LIBRARIES = YES;
				BUNDLE_LOADER = "$(TEST_HOST)";
				CODE_SIGN_STYLE = Automatic;
				CURRENT_PROJECT_VERSION = 7;
				DEVELOPMENT_TEAM = F5WP2FDW4U;
				GENERATE_INFOPLIST_FILE = YES;
				IPHONEOS_DEPLOYMENT_TARGET = 16.4;
				MARKETING_VERSION = 1.0;
				PRODUCT_BUNDLE_IDENTIFIER = com.SBadge.FrontEndTests;
				PRODUCT_NAME = "$(TARGET_NAME)";
				SWIFT_EMIT_LOC_STRINGS = NO;
				SWIFT_VERSION = 5.0;
				TARGETED_DEVICE_FAMILY = "1,2";
				TEST_HOST = "$(BUILT_PRODUCTS_DIR)/S-Badge.app/$(BUNDLE_EXECUTABLE_FOLDER_PATH)/S-Badge";
			};
			name = Debug;
		};
		212A28C02A6D760D0018F8F4 /* Release */ = {
			isa = XCBuildConfiguration;
			baseConfigurationReference = 581C0FC7B803FE492830B73B /* Pods-S-BadgeTests.release.xcconfig */;
			buildSettings = {
				ALWAYS_EMBED_SWIFT_STANDARD_LIBRARIES = YES;
				BUNDLE_LOADER = "$(TEST_HOST)";
				CODE_SIGN_STYLE = Automatic;
				CURRENT_PROJECT_VERSION = 7;
				DEVELOPMENT_TEAM = F5WP2FDW4U;
				GENERATE_INFOPLIST_FILE = YES;
				IPHONEOS_DEPLOYMENT_TARGET = 16.4;
				MARKETING_VERSION = 1.0;
				PRODUCT_BUNDLE_IDENTIFIER = com.SBadge.FrontEndTests;
				PRODUCT_NAME = "$(TARGET_NAME)";
				SWIFT_EMIT_LOC_STRINGS = NO;
				SWIFT_VERSION = 5.0;
				TARGETED_DEVICE_FAMILY = "1,2";
				TEST_HOST = "$(BUILT_PRODUCTS_DIR)/S-Badge.app/$(BUNDLE_EXECUTABLE_FOLDER_PATH)/S-Badge";
			};
			name = Release;
		};
		212A28C22A6D760D0018F8F4 /* Debug */ = {
			isa = XCBuildConfiguration;
			baseConfigurationReference = 5B5445EEFB2083CAE606F169 /* Pods-S-Badge-S-BadgeUITests.debug.xcconfig */;
			buildSettings = {
				ALWAYS_EMBED_SWIFT_STANDARD_LIBRARIES = YES;
				CODE_SIGN_STYLE = Automatic;
				CURRENT_PROJECT_VERSION = 7;
				DEVELOPMENT_TEAM = F5WP2FDW4U;
				GENERATE_INFOPLIST_FILE = YES;
				MARKETING_VERSION = 1.0;
				PRODUCT_BUNDLE_IDENTIFIER = com.SBadge.FrontEndUITests;
				PRODUCT_NAME = "$(TARGET_NAME)";
				SWIFT_EMIT_LOC_STRINGS = NO;
				SWIFT_VERSION = 5.0;
				TARGETED_DEVICE_FAMILY = "1,2";
				TEST_TARGET_NAME = "S-Badge";
			};
			name = Debug;
		};
		212A28C32A6D760D0018F8F4 /* Release */ = {
			isa = XCBuildConfiguration;
			baseConfigurationReference = 74FE67155317C0ECEDB2941D /* Pods-S-Badge-S-BadgeUITests.release.xcconfig */;
			buildSettings = {
				ALWAYS_EMBED_SWIFT_STANDARD_LIBRARIES = YES;
				CODE_SIGN_STYLE = Automatic;
				CURRENT_PROJECT_VERSION = 7;
				DEVELOPMENT_TEAM = F5WP2FDW4U;
				GENERATE_INFOPLIST_FILE = YES;
				MARKETING_VERSION = 1.0;
				PRODUCT_BUNDLE_IDENTIFIER = com.SBadge.FrontEndUITests;
				PRODUCT_NAME = "$(TARGET_NAME)";
				SWIFT_EMIT_LOC_STRINGS = NO;
				SWIFT_VERSION = 5.0;
				TARGETED_DEVICE_FAMILY = "1,2";
				TEST_TARGET_NAME = "S-Badge";
			};
			name = Release;
		};
		212A28DE2A6DEC960018F8F4 /* Debug */ = {
			isa = XCBuildConfiguration;
			baseConfigurationReference = F6042C8B1F5CAA68603F311C /* Pods-SBadgeNoti.debug.xcconfig */;
			buildSettings = {
				CODE_SIGN_STYLE = Automatic;
				CURRENT_PROJECT_VERSION = 7;
				DEVELOPMENT_TEAM = F5WP2FDW4U;
				GENERATE_INFOPLIST_FILE = YES;
				INFOPLIST_FILE = SBadgeNoti/Info.plist;
				INFOPLIST_KEY_CFBundleDisplayName = SBadgeNoti;
				INFOPLIST_KEY_NSHumanReadableCopyright = "";
				LD_RUNPATH_SEARCH_PATHS = (
					"$(inherited)",
					"@executable_path/Frameworks",
					"@executable_path/../../Frameworks",
				);
				MARKETING_VERSION = 1.0;
				PRODUCT_BUNDLE_IDENTIFIER = com.SBadge.FrontEnd.SBadgeNoti;
				PRODUCT_NAME = "$(TARGET_NAME)";
				SKIP_INSTALL = YES;
				SWIFT_EMIT_LOC_STRINGS = YES;
				SWIFT_VERSION = 5.0;
				TARGETED_DEVICE_FAMILY = "1,2";
			};
			name = Debug;
		};
		212A28DF2A6DEC960018F8F4 /* Release */ = {
			isa = XCBuildConfiguration;
			baseConfigurationReference = 07C2EF734694288DA18A3A1E /* Pods-SBadgeNoti.release.xcconfig */;
			buildSettings = {
				CODE_SIGN_STYLE = Automatic;
				CURRENT_PROJECT_VERSION = 7;
				DEVELOPMENT_TEAM = F5WP2FDW4U;
				GENERATE_INFOPLIST_FILE = YES;
				INFOPLIST_FILE = SBadgeNoti/Info.plist;
				INFOPLIST_KEY_CFBundleDisplayName = SBadgeNoti;
				INFOPLIST_KEY_NSHumanReadableCopyright = "";
				LD_RUNPATH_SEARCH_PATHS = (
					"$(inherited)",
					"@executable_path/Frameworks",
					"@executable_path/../../Frameworks",
				);
				MARKETING_VERSION = 1.0;
				PRODUCT_BUNDLE_IDENTIFIER = com.SBadge.FrontEnd.SBadgeNoti;
				PRODUCT_NAME = "$(TARGET_NAME)";
				SKIP_INSTALL = YES;
				SWIFT_EMIT_LOC_STRINGS = YES;
				SWIFT_VERSION = 5.0;
				TARGETED_DEVICE_FAMILY = "1,2";
			};
			name = Release;
		};
/* End XCBuildConfiguration section */

/* Begin XCConfigurationList section */
		212A28922A6D760C0018F8F4 /* Build configuration list for PBXProject "S-Badge" */ = {
			isa = XCConfigurationList;
			buildConfigurations = (
				212A28B92A6D760D0018F8F4 /* Debug */,
				212A28BA2A6D760D0018F8F4 /* Release */,
			);
			defaultConfigurationIsVisible = 0;
			defaultConfigurationName = Release;
		};
		212A28BB2A6D760D0018F8F4 /* Build configuration list for PBXNativeTarget "S-Badge" */ = {
			isa = XCConfigurationList;
			buildConfigurations = (
				212A28BC2A6D760D0018F8F4 /* Debug */,
				212A28BD2A6D760D0018F8F4 /* Release */,
			);
			defaultConfigurationIsVisible = 0;
			defaultConfigurationName = Release;
		};
		212A28BE2A6D760D0018F8F4 /* Build configuration list for PBXNativeTarget "S-BadgeTests" */ = {
			isa = XCConfigurationList;
			buildConfigurations = (
				212A28BF2A6D760D0018F8F4 /* Debug */,
				212A28C02A6D760D0018F8F4 /* Release */,
			);
			defaultConfigurationIsVisible = 0;
			defaultConfigurationName = Release;
		};
		212A28C12A6D760D0018F8F4 /* Build configuration list for PBXNativeTarget "S-BadgeUITests" */ = {
			isa = XCConfigurationList;
			buildConfigurations = (
				212A28C22A6D760D0018F8F4 /* Debug */,
				212A28C32A6D760D0018F8F4 /* Release */,
			);
			defaultConfigurationIsVisible = 0;
			defaultConfigurationName = Release;
		};
		212A28DD2A6DEC960018F8F4 /* Build configuration list for PBXNativeTarget "SBadgeNoti" */ = {
			isa = XCConfigurationList;
			buildConfigurations = (
				212A28DE2A6DEC960018F8F4 /* Debug */,
				212A28DF2A6DEC960018F8F4 /* Release */,
			);
			defaultConfigurationIsVisible = 0;
			defaultConfigurationName = Release;
		};
/* End XCConfigurationList section */
	};
	rootObject = 212A288F2A6D760C0018F8F4 /* Project object */;
}
