// !$*UTF8*$!
{
	archiveVersion = 1;
	classes = {
	};
	objectVersion = 56;
	objects = {

/* Begin PBXBuildFile section */
		212A289B2A6D760C0018F8F4 /* S_BadgeApp.swift in Sources */ = {isa = PBXBuildFile; fileRef = 212A289A2A6D760C0018F8F4 /* S_BadgeApp.swift */; };
		212A289F2A6D760D0018F8F4 /* Assets.xcassets in Resources */ = {isa = PBXBuildFile; fileRef = 212A289E2A6D760D0018F8F4 /* Assets.xcassets */; };
		212A28A22A6D760D0018F8F4 /* Preview Assets.xcassets in Resources */ = {isa = PBXBuildFile; fileRef = 212A28A12A6D760D0018F8F4 /* Preview Assets.xcassets */; };
		212A28AC2A6D760D0018F8F4 /* S_BadgeTests.swift in Sources */ = {isa = PBXBuildFile; fileRef = 212A28AB2A6D760D0018F8F4 /* S_BadgeTests.swift */; };
		212A28B62A6D760D0018F8F4 /* S_BadgeUITests.swift in Sources */ = {isa = PBXBuildFile; fileRef = 212A28B52A6D760D0018F8F4 /* S_BadgeUITests.swift */; };
		212A28B82A6D760D0018F8F4 /* S_BadgeUITestsLaunchTests.swift in Sources */ = {isa = PBXBuildFile; fileRef = 212A28B72A6D760D0018F8F4 /* S_BadgeUITestsLaunchTests.swift */; };
		212A28C52A6DD92C0018F8F4 /* BluetoothManager.swift in Sources */ = {isa = PBXBuildFile; fileRef = 212A28C42A6DD92C0018F8F4 /* BluetoothManager.swift */; };
		212A28C72A6DDB370018F8F4 /* AppDelegate.swift in Sources */ = {isa = PBXBuildFile; fileRef = 212A28C62A6DDB370018F8F4 /* AppDelegate.swift */; };
		212A28D02A6DEC960018F8F4 /* UserNotifications.framework in Frameworks */ = {isa = PBXBuildFile; fileRef = 212A28CF2A6DEC960018F8F4 /* UserNotifications.framework */; };
		212A28D22A6DEC960018F8F4 /* UserNotificationsUI.framework in Frameworks */ = {isa = PBXBuildFile; fileRef = 212A28D12A6DEC960018F8F4 /* UserNotificationsUI.framework */; };
		212A28D52A6DEC960018F8F4 /* NotificationViewController.swift in Sources */ = {isa = PBXBuildFile; fileRef = 212A28D42A6DEC960018F8F4 /* NotificationViewController.swift */; };
		212A28D82A6DEC960018F8F4 /* MainInterface.storyboard in Resources */ = {isa = PBXBuildFile; fileRef = 212A28D62A6DEC960018F8F4 /* MainInterface.storyboard */; };
		212A28DC2A6DEC960018F8F4 /* SBadgeNoti.appex in Embed Foundation Extensions */ = {isa = PBXBuildFile; fileRef = 212A28CD2A6DEC960018F8F4 /* SBadgeNoti.appex */; settings = {ATTRIBUTES = (RemoveHeadersOnCopy, ); }; };
		2153FB1A2A7516DE0010F5E9 /* MapView.swift in Sources */ = {isa = PBXBuildFile; fileRef = 2153FB192A7516DE0010F5E9 /* MapView.swift */; };
		2153FB1C2A75229E0010F5E9 /* DirectionMapView.swift in Sources */ = {isa = PBXBuildFile; fileRef = 2153FB1B2A75229E0010F5E9 /* DirectionMapView.swift */; };
		2153FB1E2A7688460010F5E9 /* SettingsView.swift in Sources */ = {isa = PBXBuildFile; fileRef = 2153FB1D2A7688460010F5E9 /* SettingsView.swift */; };
		217017A52A73E3C8003E26EE /* MainView.swift in Sources */ = {isa = PBXBuildFile; fileRef = 217017A42A73E3C8003E26EE /* MainView.swift */; };
/* End PBXBuildFile section */

/* Begin PBXContainerItemProxy section */
		212A28A82A6D760D0018F8F4 /* PBXContainerItemProxy */ = {
			isa = PBXContainerItemProxy;
			containerPortal = 212A288F2A6D760C0018F8F4 /* Project object */;
			proxyType = 1;
			remoteGlobalIDString = 212A28962A6D760C0018F8F4;
			remoteInfo = "S-Badge";
		};
		212A28B22A6D760D0018F8F4 /* PBXContainerItemProxy */ = {
			isa = PBXContainerItemProxy;
			containerPortal = 212A288F2A6D760C0018F8F4 /* Project object */;
			proxyType = 1;
			remoteGlobalIDString = 212A28962A6D760C0018F8F4;
			remoteInfo = "S-Badge";
		};
		212A28DA2A6DEC960018F8F4 /* PBXContainerItemProxy */ = {
			isa = PBXContainerItemProxy;
			containerPortal = 212A288F2A6D760C0018F8F4 /* Project object */;
			proxyType = 1;
			remoteGlobalIDString = 212A28CC2A6DEC960018F8F4;
			remoteInfo = SBadgeNoti;
		};
/* End PBXContainerItemProxy section */

/* Begin PBXCopyFilesBuildPhase section */
		212A28E02A6DEC960018F8F4 /* Embed Foundation Extensions */ = {
			isa = PBXCopyFilesBuildPhase;
			buildActionMask = 2147483647;
			dstPath = "";
			dstSubfolderSpec = 13;
			files = (
				212A28DC2A6DEC960018F8F4 /* SBadgeNoti.appex in Embed Foundation Extensions */,
			);
			name = "Embed Foundation Extensions";
			runOnlyForDeploymentPostprocessing = 0;
		};
/* End PBXCopyFilesBuildPhase section */

/* Begin PBXFileReference section */
		212A28972A6D760C0018F8F4 /* S-Badge.app */ = {isa = PBXFileReference; explicitFileType = wrapper.application; includeInIndex = 0; path = "S-Badge.app"; sourceTree = BUILT_PRODUCTS_DIR; };
		212A289A2A6D760C0018F8F4 /* S_BadgeApp.swift */ = {isa = PBXFileReference; lastKnownFileType = sourcecode.swift; path = S_BadgeApp.swift; sourceTree = "<group>"; };
		212A289E2A6D760D0018F8F4 /* Assets.xcassets */ = {isa = PBXFileReference; lastKnownFileType = folder.assetcatalog; path = Assets.xcassets; sourceTree = "<group>"; };
		212A28A12A6D760D0018F8F4 /* Preview Assets.xcassets */ = {isa = PBXFileReference; lastKnownFileType = folder.assetcatalog; path = "Preview Assets.xcassets"; sourceTree = "<group>"; };
		212A28A72A6D760D0018F8F4 /* S-BadgeTests.xctest */ = {isa = PBXFileReference; explicitFileType = wrapper.cfbundle; includeInIndex = 0; path = "S-BadgeTests.xctest"; sourceTree = BUILT_PRODUCTS_DIR; };
		212A28AB2A6D760D0018F8F4 /* S_BadgeTests.swift */ = {isa = PBXFileReference; lastKnownFileType = sourcecode.swift; path = S_BadgeTests.swift; sourceTree = "<group>"; };
		212A28B12A6D760D0018F8F4 /* S-BadgeUITests.xctest */ = {isa = PBXFileReference; explicitFileType = wrapper.cfbundle; includeInIndex = 0; path = "S-BadgeUITests.xctest"; sourceTree = BUILT_PRODUCTS_DIR; };
		212A28B52A6D760D0018F8F4 /* S_BadgeUITests.swift */ = {isa = PBXFileReference; lastKnownFileType = sourcecode.swift; path = S_BadgeUITests.swift; sourceTree = "<group>"; };
		212A28B72A6D760D0018F8F4 /* S_BadgeUITestsLaunchTests.swift */ = {isa = PBXFileReference; lastKnownFileType = sourcecode.swift; path = S_BadgeUITestsLaunchTests.swift; sourceTree = "<group>"; };
		212A28C42A6DD92C0018F8F4 /* BluetoothManager.swift */ = {isa = PBXFileReference; lastKnownFileType = sourcecode.swift; path = BluetoothManager.swift; sourceTree = "<group>"; };
		212A28C62A6DDB370018F8F4 /* AppDelegate.swift */ = {isa = PBXFileReference; lastKnownFileType = sourcecode.swift; path = AppDelegate.swift; sourceTree = "<group>"; };
		212A28C82A6DDF470018F8F4 /* Info.plist */ = {isa = PBXFileReference; lastKnownFileType = text.plist; path = Info.plist; sourceTree = "<group>"; };
		212A28CD2A6DEC960018F8F4 /* SBadgeNoti.appex */ = {isa = PBXFileReference; explicitFileType = "wrapper.app-extension"; includeInIndex = 0; path = SBadgeNoti.appex; sourceTree = BUILT_PRODUCTS_DIR; };
		212A28CF2A6DEC960018F8F4 /* UserNotifications.framework */ = {isa = PBXFileReference; lastKnownFileType = wrapper.framework; name = UserNotifications.framework; path = System/Library/Frameworks/UserNotifications.framework; sourceTree = SDKROOT; };
		212A28D12A6DEC960018F8F4 /* UserNotificationsUI.framework */ = {isa = PBXFileReference; lastKnownFileType = wrapper.framework; name = UserNotificationsUI.framework; path = System/Library/Frameworks/UserNotificationsUI.framework; sourceTree = SDKROOT; };
		212A28D42A6DEC960018F8F4 /* NotificationViewController.swift */ = {isa = PBXFileReference; lastKnownFileType = sourcecode.swift; path = NotificationViewController.swift; sourceTree = "<group>"; };
		212A28D72A6DEC960018F8F4 /* Base */ = {isa = PBXFileReference; lastKnownFileType = file.storyboard; name = Base; path = Base.lproj/MainInterface.storyboard; sourceTree = "<group>"; };
		212A28D92A6DEC960018F8F4 /* Info.plist */ = {isa = PBXFileReference; lastKnownFileType = text.plist.xml; path = Info.plist; sourceTree = "<group>"; };
		2153FB192A7516DE0010F5E9 /* MapView.swift */ = {isa = PBXFileReference; lastKnownFileType = sourcecode.swift; path = MapView.swift; sourceTree = "<group>"; };
		2153FB1B2A75229E0010F5E9 /* DirectionMapView.swift */ = {isa = PBXFileReference; lastKnownFileType = sourcecode.swift; path = DirectionMapView.swift; sourceTree = "<group>"; };
		2153FB1D2A7688460010F5E9 /* SettingsView.swift */ = {isa = PBXFileReference; lastKnownFileType = sourcecode.swift; path = SettingsView.swift; sourceTree = "<group>"; };
		217017A42A73E3C8003E26EE /* MainView.swift */ = {isa = PBXFileReference; lastKnownFileType = sourcecode.swift; path = MainView.swift; sourceTree = "<group>"; };
/* End PBXFileReference section */

/* Begin PBXFrameworksBuildPhase section */
		212A28942A6D760C0018F8F4 /* Frameworks */ = {
			isa = PBXFrameworksBuildPhase;
			buildActionMask = 2147483647;
			files = (
			);
			runOnlyForDeploymentPostprocessing = 0;
		};
		212A28A42A6D760D0018F8F4 /* Frameworks */ = {
			isa = PBXFrameworksBuildPhase;
			buildActionMask = 2147483647;
			files = (
			);
			runOnlyForDeploymentPostprocessing = 0;
		};
		212A28AE2A6D760D0018F8F4 /* Frameworks */ = {
			isa = PBXFrameworksBuildPhase;
			buildActionMask = 2147483647;
			files = (
			);
			runOnlyForDeploymentPostprocessing = 0;
		};
		212A28CA2A6DEC960018F8F4 /* Frameworks */ = {
			isa = PBXFrameworksBuildPhase;
			buildActionMask = 2147483647;
			files = (
				212A28D22A6DEC960018F8F4 /* UserNotificationsUI.framework in Frameworks */,
				212A28D02A6DEC960018F8F4 /* UserNotifications.framework in Frameworks */,
			);
			runOnlyForDeploymentPostprocessing = 0;
		};
/* End PBXFrameworksBuildPhase section */

/* Begin PBXGroup section */
		212A288E2A6D760C0018F8F4 = {
			isa = PBXGroup;
			children = (
				212A28992A6D760C0018F8F4 /* S-Badge */,
				212A28AA2A6D760D0018F8F4 /* S-BadgeTests */,
				212A28B42A6D760D0018F8F4 /* S-BadgeUITests */,
				212A28D32A6DEC960018F8F4 /* SBadgeNoti */,
				212A28CE2A6DEC960018F8F4 /* Frameworks */,
				212A28982A6D760C0018F8F4 /* Products */,
			);
			sourceTree = "<group>";
		};
		212A28982A6D760C0018F8F4 /* Products */ = {
			isa = PBXGroup;
			children = (
				212A28972A6D760C0018F8F4 /* S-Badge.app */,
				212A28A72A6D760D0018F8F4 /* S-BadgeTests.xctest */,
				212A28B12A6D760D0018F8F4 /* S-BadgeUITests.xctest */,
				212A28CD2A6DEC960018F8F4 /* SBadgeNoti.appex */,
			);
			name = Products;
			sourceTree = "<group>";
		};
		212A28992A6D760C0018F8F4 /* S-Badge */ = {
			isa = PBXGroup;
			children = (
				212A28C82A6DDF470018F8F4 /* Info.plist */,
				212A289A2A6D760C0018F8F4 /* S_BadgeApp.swift */,
				212A289E2A6D760D0018F8F4 /* Assets.xcassets */,
				212A28A02A6D760D0018F8F4 /* Preview Content */,
				212A28C42A6DD92C0018F8F4 /* BluetoothManager.swift */,
				212A28C62A6DDB370018F8F4 /* AppDelegate.swift */,
				217017A42A73E3C8003E26EE /* MainView.swift */,
				2153FB192A7516DE0010F5E9 /* MapView.swift */,
				2153FB1B2A75229E0010F5E9 /* DirectionMapView.swift */,
				2153FB1D2A7688460010F5E9 /* SettingsView.swift */,
			);
			path = "S-Badge";
			sourceTree = "<group>";
		};
		212A28A02A6D760D0018F8F4 /* Preview Content */ = {
			isa = PBXGroup;
			children = (
				212A28A12A6D760D0018F8F4 /* Preview Assets.xcassets */,
			);
			path = "Preview Content";
			sourceTree = "<group>";
		};
		212A28AA2A6D760D0018F8F4 /* S-BadgeTests */ = {
			isa = PBXGroup;
			children = (
				212A28AB2A6D760D0018F8F4 /* S_BadgeTests.swift */,
			);
			path = "S-BadgeTests";
			sourceTree = "<group>";
		};
		212A28B42A6D760D0018F8F4 /* S-BadgeUITests */ = {
			isa = PBXGroup;
			children = (
				212A28B52A6D760D0018F8F4 /* S_BadgeUITests.swift */,
				212A28B72A6D760D0018F8F4 /* S_BadgeUITestsLaunchTests.swift */,
			);
			path = "S-BadgeUITests";
			sourceTree = "<group>";
		};
		212A28CE2A6DEC960018F8F4 /* Frameworks */ = {
			isa = PBXGroup;
			children = (
				212A28CF2A6DEC960018F8F4 /* UserNotifications.framework */,
				212A28D12A6DEC960018F8F4 /* UserNotificationsUI.framework */,
			);
			name = Frameworks;
			sourceTree = "<group>";
		};
		212A28D32A6DEC960018F8F4 /* SBadgeNoti */ = {
			isa = PBXGroup;
			children = (
				212A28D42A6DEC960018F8F4 /* NotificationViewController.swift */,
				212A28D62A6DEC960018F8F4 /* MainInterface.storyboard */,
				212A28D92A6DEC960018F8F4 /* Info.plist */,
			);
			path = SBadgeNoti;
			sourceTree = "<group>";
		};
/* End PBXGroup section */

/* Begin PBXNativeTarget section */
		212A28962A6D760C0018F8F4 /* S-Badge */ = {
			isa = PBXNativeTarget;
			buildConfigurationList = 212A28BB2A6D760D0018F8F4 /* Build configuration list for PBXNativeTarget "S-Badge" */;
			buildPhases = (
				212A28932A6D760C0018F8F4 /* Sources */,
				212A28942A6D760C0018F8F4 /* Frameworks */,
				212A28952A6D760C0018F8F4 /* Resources */,
				212A28E02A6DEC960018F8F4 /* Embed Foundation Extensions */,
			);
			buildRules = (
			);
			dependencies = (
				212A28DB2A6DEC960018F8F4 /* PBXTargetDependency */,
			);
			name = "S-Badge";
			productName = "S-Badge";
			productReference = 212A28972A6D760C0018F8F4 /* S-Badge.app */;
			productType = "com.apple.product-type.application";
		};
		212A28A62A6D760D0018F8F4 /* S-BadgeTests */ = {
			isa = PBXNativeTarget;
			buildConfigurationList = 212A28BE2A6D760D0018F8F4 /* Build configuration list for PBXNativeTarget "S-BadgeTests" */;
			buildPhases = (
				212A28A32A6D760D0018F8F4 /* Sources */,
				212A28A42A6D760D0018F8F4 /* Frameworks */,
				212A28A52A6D760D0018F8F4 /* Resources */,
			);
			buildRules = (
			);
			dependencies = (
				212A28A92A6D760D0018F8F4 /* PBXTargetDependency */,
			);
			name = "S-BadgeTests";
			productName = "S-BadgeTests";
			productReference = 212A28A72A6D760D0018F8F4 /* S-BadgeTests.xctest */;
			productType = "com.apple.product-type.bundle.unit-test";
		};
		212A28B02A6D760D0018F8F4 /* S-BadgeUITests */ = {
			isa = PBXNativeTarget;
			buildConfigurationList = 212A28C12A6D760D0018F8F4 /* Build configuration list for PBXNativeTarget "S-BadgeUITests" */;
			buildPhases = (
				212A28AD2A6D760D0018F8F4 /* Sources */,
				212A28AE2A6D760D0018F8F4 /* Frameworks */,
				212A28AF2A6D760D0018F8F4 /* Resources */,
			);
			buildRules = (
			);
			dependencies = (
				212A28B32A6D760D0018F8F4 /* PBXTargetDependency */,
			);
			name = "S-BadgeUITests";
			productName = "S-BadgeUITests";
			productReference = 212A28B12A6D760D0018F8F4 /* S-BadgeUITests.xctest */;
			productType = "com.apple.product-type.bundle.ui-testing";
		};
		212A28CC2A6DEC960018F8F4 /* SBadgeNoti */ = {
			isa = PBXNativeTarget;
			buildConfigurationList = 212A28DD2A6DEC960018F8F4 /* Build configuration list for PBXNativeTarget "SBadgeNoti" */;
			buildPhases = (
				212A28C92A6DEC960018F8F4 /* Sources */,
				212A28CA2A6DEC960018F8F4 /* Frameworks */,
				212A28CB2A6DEC960018F8F4 /* Resources */,
			);
			buildRules = (
			);
			dependencies = (
			);
			name = SBadgeNoti;
			productName = SBadgeNoti;
			productReference = 212A28CD2A6DEC960018F8F4 /* SBadgeNoti.appex */;
			productType = "com.apple.product-type.app-extension";
		};
/* End PBXNativeTarget section */

/* Begin PBXProject section */
		212A288F2A6D760C0018F8F4 /* Project object */ = {
			isa = PBXProject;
			attributes = {
				BuildIndependentTargetsInParallel = 1;
				LastSwiftUpdateCheck = 1430;
				LastUpgradeCheck = 1430;
				TargetAttributes = {
					212A28962A6D760C0018F8F4 = {
						CreatedOnToolsVersion = 14.3.1;
					};
					212A28A62A6D760D0018F8F4 = {
						CreatedOnToolsVersion = 14.3.1;
						TestTargetID = 212A28962A6D760C0018F8F4;
					};
					212A28B02A6D760D0018F8F4 = {
						CreatedOnToolsVersion = 14.3.1;
						TestTargetID = 212A28962A6D760C0018F8F4;
					};
					212A28CC2A6DEC960018F8F4 = {
						CreatedOnToolsVersion = 14.3.1;
					};
				};
			};
			buildConfigurationList = 212A28922A6D760C0018F8F4 /* Build configuration list for PBXProject "S-Badge" */;
			compatibilityVersion = "Xcode 14.0";
			developmentRegion = en;
			hasScannedForEncodings = 0;
			knownRegions = (
				en,
				Base,
			);
			mainGroup = 212A288E2A6D760C0018F8F4;
			productRefGroup = 212A28982A6D760C0018F8F4 /* Products */;
			projectDirPath = "";
			projectRoot = "";
			targets = (
				212A28962A6D760C0018F8F4 /* S-Badge */,
				212A28A62A6D760D0018F8F4 /* S-BadgeTests */,
				212A28B02A6D760D0018F8F4 /* S-BadgeUITests */,
				212A28CC2A6DEC960018F8F4 /* SBadgeNoti */,
			);
		};
/* End PBXProject section */

/* Begin PBXResourcesBuildPhase section */
		212A28952A6D760C0018F8F4 /* Resources */ = {
			isa = PBXResourcesBuildPhase;
			buildActionMask = 2147483647;
			files = (
				212A28A22A6D760D0018F8F4 /* Preview Assets.xcassets in Resources */,
				212A289F2A6D760D0018F8F4 /* Assets.xcassets in Resources */,
			);
			runOnlyForDeploymentPostprocessing = 0;
		};
		212A28A52A6D760D0018F8F4 /* Resources */ = {
			isa = PBXResourcesBuildPhase;
			buildActionMask = 2147483647;
			files = (
			);
			runOnlyForDeploymentPostprocessing = 0;
		};
		212A28AF2A6D760D0018F8F4 /* Resources */ = {
			isa = PBXResourcesBuildPhase;
			buildActionMask = 2147483647;
			files = (
			);
			runOnlyForDeploymentPostprocessing = 0;
		};
		212A28CB2A6DEC960018F8F4 /* Resources */ = {
			isa = PBXResourcesBuildPhase;
			buildActionMask = 2147483647;
			files = (
				212A28D82A6DEC960018F8F4 /* MainInterface.storyboard in Resources */,
			);
			runOnlyForDeploymentPostprocessing = 0;
		};
/* End PBXResourcesBuildPhase section */

/* Begin PBXSourcesBuildPhase section */
		212A28932A6D760C0018F8F4 /* Sources */ = {
			isa = PBXSourcesBuildPhase;
			buildActionMask = 2147483647;
			files = (
				2153FB1E2A7688460010F5E9 /* SettingsView.swift in Sources */,
				212A28C72A6DDB370018F8F4 /* AppDelegate.swift in Sources */,
				212A28C52A6DD92C0018F8F4 /* BluetoothManager.swift in Sources */,
				2153FB1A2A7516DE0010F5E9 /* MapView.swift in Sources */,
				217017A52A73E3C8003E26EE /* MainView.swift in Sources */,
				212A289B2A6D760C0018F8F4 /* S_BadgeApp.swift in Sources */,
				2153FB1C2A75229E0010F5E9 /* DirectionMapView.swift in Sources */,
			);
			runOnlyForDeploymentPostprocessing = 0;
		};
		212A28A32A6D760D0018F8F4 /* Sources */ = {
			isa = PBXSourcesBuildPhase;
			buildActionMask = 2147483647;
			files = (
				212A28AC2A6D760D0018F8F4 /* S_BadgeTests.swift in Sources */,
			);
			runOnlyForDeploymentPostprocessing = 0;
		};
		212A28AD2A6D760D0018F8F4 /* Sources */ = {
			isa = PBXSourcesBuildPhase;
			buildActionMask = 2147483647;
			files = (
				212A28B82A6D760D0018F8F4 /* S_BadgeUITestsLaunchTests.swift in Sources */,
				212A28B62A6D760D0018F8F4 /* S_BadgeUITests.swift in Sources */,
			);
			runOnlyForDeploymentPostprocessing = 0;
		};
		212A28C92A6DEC960018F8F4 /* Sources */ = {
			isa = PBXSourcesBuildPhase;
			buildActionMask = 2147483647;
			files = (
				212A28D52A6DEC960018F8F4 /* NotificationViewController.swift in Sources */,
			);
			runOnlyForDeploymentPostprocessing = 0;
		};
/* End PBXSourcesBuildPhase section */

/* Begin PBXTargetDependency section */
		212A28A92A6D760D0018F8F4 /* PBXTargetDependency */ = {
			isa = PBXTargetDependency;
			target = 212A28962A6D760C0018F8F4 /* S-Badge */;
			targetProxy = 212A28A82A6D760D0018F8F4 /* PBXContainerItemProxy */;
		};
		212A28B32A6D760D0018F8F4 /* PBXTargetDependency */ = {
			isa = PBXTargetDependency;
			target = 212A28962A6D760C0018F8F4 /* S-Badge */;
			targetProxy = 212A28B22A6D760D0018F8F4 /* PBXContainerItemProxy */;
		};
		212A28DB2A6DEC960018F8F4 /* PBXTargetDependency */ = {
			isa = PBXTargetDependency;
			target = 212A28CC2A6DEC960018F8F4 /* SBadgeNoti */;
			targetProxy = 212A28DA2A6DEC960018F8F4 /* PBXContainerItemProxy */;
		};
/* End PBXTargetDependency section */

/* Begin PBXVariantGroup section */
		212A28D62A6DEC960018F8F4 /* MainInterface.storyboard */ = {
			isa = PBXVariantGroup;
			children = (
				212A28D72A6DEC960018F8F4 /* Base */,
			);
			name = MainInterface.storyboard;
			sourceTree = "<group>";
		};
/* End PBXVariantGroup section */

/* Begin XCBuildConfiguration section */
		212A28B92A6D760D0018F8F4 /* Debug */ = {
			isa = XCBuildConfiguration;
			buildSettings = {
				ALWAYS_SEARCH_USER_PATHS = NO;
				CLANG_ANALYZER_NONNULL = YES;
				CLANG_ANALYZER_NUMBER_OBJECT_CONVERSION = YES_AGGRESSIVE;
				CLANG_CXX_LANGUAGE_STANDARD = "gnu++20";
				CLANG_ENABLE_MODULES = YES;
				CLANG_ENABLE_OBJC_ARC = YES;
				CLANG_ENABLE_OBJC_WEAK = YES;
				CLANG_WARN_BLOCK_CAPTURE_AUTORELEASING = YES;
				CLANG_WARN_BOOL_CONVERSION = YES;
				CLANG_WARN_COMMA = YES;
				CLANG_WARN_CONSTANT_CONVERSION = YES;
				CLANG_WARN_DEPRECATED_OBJC_IMPLEMENTATIONS = YES;
				CLANG_WARN_DIRECT_OBJC_ISA_USAGE = YES_ERROR;
				CLANG_WARN_DOCUMENTATION_COMMENTS = YES;
				CLANG_WARN_EMPTY_BODY = YES;
				CLANG_WARN_ENUM_CONVERSION = YES;
				CLANG_WARN_INFINITE_RECURSION = YES;
				CLANG_WARN_INT_CONVERSION = YES;
				CLANG_WARN_NON_LITERAL_NULL_CONVERSION = YES;
				CLANG_WARN_OBJC_IMPLICIT_RETAIN_SELF = YES;
				CLANG_WARN_OBJC_LITERAL_CONVERSION = YES;
				CLANG_WARN_OBJC_ROOT_CLASS = YES_ERROR;
				CLANG_WARN_QUOTED_INCLUDE_IN_FRAMEWORK_HEADER = YES;
				CLANG_WARN_RANGE_LOOP_ANALYSIS = YES;
				CLANG_WARN_STRICT_PROTOTYPES = YES;
				CLANG_WARN_SUSPICIOUS_MOVE = YES;
				CLANG_WARN_UNGUARDED_AVAILABILITY = YES_AGGRESSIVE;
				CLANG_WARN_UNREACHABLE_CODE = YES;
				CLANG_WARN__DUPLICATE_METHOD_MATCH = YES;
				COPY_PHASE_STRIP = NO;
				DEBUG_INFORMATION_FORMAT = dwarf;
				ENABLE_STRICT_OBJC_MSGSEND = YES;
				ENABLE_TESTABILITY = YES;
				GCC_C_LANGUAGE_STANDARD = gnu11;
				GCC_DYNAMIC_NO_PIC = NO;
				GCC_NO_COMMON_BLOCKS = YES;
				GCC_OPTIMIZATION_LEVEL = 0;
				GCC_PREPROCESSOR_DEFINITIONS = (
					"DEBUG=1",
					"$(inherited)",
				);
				GCC_WARN_64_TO_32_BIT_CONVERSION = YES;
				GCC_WARN_ABOUT_RETURN_TYPE = YES_ERROR;
				GCC_WARN_UNDECLARED_SELECTOR = YES;
				GCC_WARN_UNINITIALIZED_AUTOS = YES_AGGRESSIVE;
				GCC_WARN_UNUSED_FUNCTION = YES;
				GCC_WARN_UNUSED_VARIABLE = YES;
				IPHONEOS_DEPLOYMENT_TARGET = 16.4;
				MTL_ENABLE_DEBUG_INFO = INCLUDE_SOURCE;
				MTL_FAST_MATH = YES;
				ONLY_ACTIVE_ARCH = YES;
				SDKROOT = iphoneos;
				SWIFT_ACTIVE_COMPILATION_CONDITIONS = DEBUG;
				SWIFT_OPTIMIZATION_LEVEL = "-Onone";
			};
			name = Debug;
		};
		212A28BA2A6D760D0018F8F4 /* Release */ = {
			isa = XCBuildConfiguration;
			buildSettings = {
				ALWAYS_SEARCH_USER_PATHS = NO;
				CLANG_ANALYZER_NONNULL = YES;
				CLANG_ANALYZER_NUMBER_OBJECT_CONVERSION = YES_AGGRESSIVE;
				CLANG_CXX_LANGUAGE_STANDARD = "gnu++20";
				CLANG_ENABLE_MODULES = YES;
				CLANG_ENABLE_OBJC_ARC = YES;
				CLANG_ENABLE_OBJC_WEAK = YES;
				CLANG_WARN_BLOCK_CAPTURE_AUTORELEASING = YES;
				CLANG_WARN_BOOL_CONVERSION = YES;
				CLANG_WARN_COMMA = YES;
				CLANG_WARN_CONSTANT_CONVERSION = YES;
				CLANG_WARN_DEPRECATED_OBJC_IMPLEMENTATIONS = YES;
				CLANG_WARN_DIRECT_OBJC_ISA_USAGE = YES_ERROR;
				CLANG_WARN_DOCUMENTATION_COMMENTS = YES;
				CLANG_WARN_EMPTY_BODY = YES;
				CLANG_WARN_ENUM_CONVERSION = YES;
				CLANG_WARN_INFINITE_RECURSION = YES;
				CLANG_WARN_INT_CONVERSION = YES;
				CLANG_WARN_NON_LITERAL_NULL_CONVERSION = YES;
				CLANG_WARN_OBJC_IMPLICIT_RETAIN_SELF = YES;
				CLANG_WARN_OBJC_LITERAL_CONVERSION = YES;
				CLANG_WARN_OBJC_ROOT_CLASS = YES_ERROR;
				CLANG_WARN_QUOTED_INCLUDE_IN_FRAMEWORK_HEADER = YES;
				CLANG_WARN_RANGE_LOOP_ANALYSIS = YES;
				CLANG_WARN_STRICT_PROTOTYPES = YES;
				CLANG_WARN_SUSPICIOUS_MOVE = YES;
				CLANG_WARN_UNGUARDED_AVAILABILITY = YES_AGGRESSIVE;
				CLANG_WARN_UNREACHABLE_CODE = YES;
				CLANG_WARN__DUPLICATE_METHOD_MATCH = YES;
				COPY_PHASE_STRIP = NO;
				DEBUG_INFORMATION_FORMAT = "dwarf-with-dsym";
				ENABLE_NS_ASSERTIONS = NO;
				ENABLE_STRICT_OBJC_MSGSEND = YES;
				GCC_C_LANGUAGE_STANDARD = gnu11;
				GCC_NO_COMMON_BLOCKS = YES;
				GCC_WARN_64_TO_32_BIT_CONVERSION = YES;
				GCC_WARN_ABOUT_RETURN_TYPE = YES_ERROR;
				GCC_WARN_UNDECLARED_SELECTOR = YES;
				GCC_WARN_UNINITIALIZED_AUTOS = YES_AGGRESSIVE;
				GCC_WARN_UNUSED_FUNCTION = YES;
				GCC_WARN_UNUSED_VARIABLE = YES;
				IPHONEOS_DEPLOYMENT_TARGET = 16.4;
				MTL_ENABLE_DEBUG_INFO = NO;
				MTL_FAST_MATH = YES;
				SDKROOT = iphoneos;
				SWIFT_COMPILATION_MODE = wholemodule;
				SWIFT_OPTIMIZATION_LEVEL = "-O";
				VALIDATE_PRODUCT = YES;
			};
			name = Release;
		};
		212A28BC2A6D760D0018F8F4 /* Debug */ = {
			isa = XCBuildConfiguration;
			buildSettings = {
				ALWAYS_EMBED_SWIFT_STANDARD_LIBRARIES = YES;
				ASSETCATALOG_COMPILER_APPICON_NAME = AppIcon;
				ASSETCATALOG_COMPILER_GLOBAL_ACCENT_COLOR_NAME = AccentColor;
				CODE_SIGN_STYLE = Automatic;
				CURRENT_PROJECT_VERSION = 1;
				DEVELOPMENT_ASSET_PATHS = "\"S-Badge/Preview Content\"";
				DEVELOPMENT_TEAM = F5WP2FDW4U;
				ENABLE_PREVIEWS = YES;
				GENERATE_INFOPLIST_FILE = YES;
				INFOPLIST_FILE = "S-Badge/Info.plist";
				INFOPLIST_KEY_UIApplicationSceneManifest_Generation = YES;
				INFOPLIST_KEY_UIApplicationSupportsIndirectInputEvents = YES;
				INFOPLIST_KEY_UILaunchScreen_Generation = YES;
				INFOPLIST_KEY_UISupportedInterfaceOrientations_iPad = "UIInterfaceOrientationPortrait UIInterfaceOrientationPortraitUpsideDown UIInterfaceOrientationLandscapeLeft UIInterfaceOrientationLandscapeRight";
				INFOPLIST_KEY_UISupportedInterfaceOrientations_iPhone = "UIInterfaceOrientationPortrait UIInterfaceOrientationLandscapeLeft UIInterfaceOrientationLandscapeRight";
				LD_RUNPATH_SEARCH_PATHS = (
					"$(inherited)",
					"@executable_path/Frameworks",
				);
				MARKETING_VERSION = 1.0;
				PRODUCT_BUNDLE_IDENTIFIER = com.solitary.SBadge;
				PRODUCT_NAME = "$(TARGET_NAME)";
				SWIFT_EMIT_LOC_STRINGS = YES;
				SWIFT_VERSION = 5.0;
				TARGETED_DEVICE_FAMILY = "1,2";
			};
			name = Debug;
		};
		212A28BD2A6D760D0018F8F4 /* Release */ = {
			isa = XCBuildConfiguration;
			buildSettings = {
				ALWAYS_EMBED_SWIFT_STANDARD_LIBRARIES = YES;
				ASSETCATALOG_COMPILER_APPICON_NAME = AppIcon;
				ASSETCATALOG_COMPILER_GLOBAL_ACCENT_COLOR_NAME = AccentColor;
				CODE_SIGN_STYLE = Automatic;
				CURRENT_PROJECT_VERSION = 1;
				DEVELOPMENT_ASSET_PATHS = "\"S-Badge/Preview Content\"";
				DEVELOPMENT_TEAM = F5WP2FDW4U;
				ENABLE_PREVIEWS = YES;
				GENERATE_INFOPLIST_FILE = YES;
				INFOPLIST_FILE = "S-Badge/Info.plist";
				INFOPLIST_KEY_UIApplicationSceneManifest_Generation = YES;
				INFOPLIST_KEY_UIApplicationSupportsIndirectInputEvents = YES;
				INFOPLIST_KEY_UILaunchScreen_Generation = YES;
				INFOPLIST_KEY_UISupportedInterfaceOrientations_iPad = "UIInterfaceOrientationPortrait UIInterfaceOrientationPortraitUpsideDown UIInterfaceOrientationLandscapeLeft UIInterfaceOrientationLandscapeRight";
				INFOPLIST_KEY_UISupportedInterfaceOrientations_iPhone = "UIInterfaceOrientationPortrait UIInterfaceOrientationLandscapeLeft UIInterfaceOrientationLandscapeRight";
				LD_RUNPATH_SEARCH_PATHS = (
					"$(inherited)",
					"@executable_path/Frameworks",
				);
				MARKETING_VERSION = 1.0;
				PRODUCT_BUNDLE_IDENTIFIER = com.solitary.SBadge;
				PRODUCT_NAME = "$(TARGET_NAME)";
				SWIFT_EMIT_LOC_STRINGS = YES;
				SWIFT_VERSION = 5.0;
				TARGETED_DEVICE_FAMILY = "1,2";
			};
			name = Release;
		};
		212A28BF2A6D760D0018F8F4 /* Debug */ = {
			isa = XCBuildConfiguration;
			buildSettings = {
				ALWAYS_EMBED_SWIFT_STANDARD_LIBRARIES = YES;
				BUNDLE_LOADER = "$(TEST_HOST)";
				CODE_SIGN_STYLE = Automatic;
				CURRENT_PROJECT_VERSION = 1;
				DEVELOPMENT_TEAM = F5WP2FDW4U;
				GENERATE_INFOPLIST_FILE = YES;
				IPHONEOS_DEPLOYMENT_TARGET = 16.4;
				MARKETING_VERSION = 1.0;
				PRODUCT_BUNDLE_IDENTIFIER = "com.solitary.S-BadgeTests";
				PRODUCT_NAME = "$(TARGET_NAME)";
				SWIFT_EMIT_LOC_STRINGS = NO;
				SWIFT_VERSION = 5.0;
				TARGETED_DEVICE_FAMILY = "1,2";
				TEST_HOST = "$(BUILT_PRODUCTS_DIR)/S-Badge.app/$(BUNDLE_EXECUTABLE_FOLDER_PATH)/S-Badge";
			};
			name = Debug;
		};
		212A28C02A6D760D0018F8F4 /* Release */ = {
			isa = XCBuildConfiguration;
			buildSettings = {
				ALWAYS_EMBED_SWIFT_STANDARD_LIBRARIES = YES;
				BUNDLE_LOADER = "$(TEST_HOST)";
				CODE_SIGN_STYLE = Automatic;
				CURRENT_PROJECT_VERSION = 1;
				DEVELOPMENT_TEAM = F5WP2FDW4U;
				GENERATE_INFOPLIST_FILE = YES;
				IPHONEOS_DEPLOYMENT_TARGET = 16.4;
				MARKETING_VERSION = 1.0;
				PRODUCT_BUNDLE_IDENTIFIER = "com.solitary.S-BadgeTests";
				PRODUCT_NAME = "$(TARGET_NAME)";
				SWIFT_EMIT_LOC_STRINGS = NO;
				SWIFT_VERSION = 5.0;
				TARGETED_DEVICE_FAMILY = "1,2";
				TEST_HOST = "$(BUILT_PRODUCTS_DIR)/S-Badge.app/$(BUNDLE_EXECUTABLE_FOLDER_PATH)/S-Badge";
			};
			name = Release;
		};
		212A28C22A6D760D0018F8F4 /* Debug */ = {
			isa = XCBuildConfiguration;
			buildSettings = {
				ALWAYS_EMBED_SWIFT_STANDARD_LIBRARIES = YES;
				CODE_SIGN_STYLE = Automatic;
				CURRENT_PROJECT_VERSION = 1;
				DEVELOPMENT_TEAM = F5WP2FDW4U;
				GENERATE_INFOPLIST_FILE = YES;
				MARKETING_VERSION = 1.0;
				PRODUCT_BUNDLE_IDENTIFIER = "com.solitary.S-BadgeUITests";
				PRODUCT_NAME = "$(TARGET_NAME)";
				SWIFT_EMIT_LOC_STRINGS = NO;
				SWIFT_VERSION = 5.0;
				TARGETED_DEVICE_FAMILY = "1,2";
				TEST_TARGET_NAME = "S-Badge";
			};
			name = Debug;
		};
		212A28C32A6D760D0018F8F4 /* Release */ = {
			isa = XCBuildConfiguration;
			buildSettings = {
				ALWAYS_EMBED_SWIFT_STANDARD_LIBRARIES = YES;
				CODE_SIGN_STYLE = Automatic;
				CURRENT_PROJECT_VERSION = 1;
				DEVELOPMENT_TEAM = F5WP2FDW4U;
				GENERATE_INFOPLIST_FILE = YES;
				MARKETING_VERSION = 1.0;
				PRODUCT_BUNDLE_IDENTIFIER = "com.solitary.S-BadgeUITests";
				PRODUCT_NAME = "$(TARGET_NAME)";
				SWIFT_EMIT_LOC_STRINGS = NO;
				SWIFT_VERSION = 5.0;
				TARGETED_DEVICE_FAMILY = "1,2";
				TEST_TARGET_NAME = "S-Badge";
			};
			name = Release;
		};
		212A28DE2A6DEC960018F8F4 /* Debug */ = {
			isa = XCBuildConfiguration;
			buildSettings = {
				CODE_SIGN_STYLE = Automatic;
				CURRENT_PROJECT_VERSION = 1;
				DEVELOPMENT_TEAM = F5WP2FDW4U;
				GENERATE_INFOPLIST_FILE = YES;
				INFOPLIST_FILE = SBadgeNoti/Info.plist;
				INFOPLIST_KEY_CFBundleDisplayName = SBadgeNoti;
				INFOPLIST_KEY_NSHumanReadableCopyright = "";
				LD_RUNPATH_SEARCH_PATHS = (
					"$(inherited)",
					"@executable_path/Frameworks",
					"@executable_path/../../Frameworks",
				);
				MARKETING_VERSION = 1.0;
				PRODUCT_BUNDLE_IDENTIFIER = com.solitary.SBadge.SBadgeNoti;
				PRODUCT_NAME = "$(TARGET_NAME)";
				SKIP_INSTALL = YES;
				SWIFT_EMIT_LOC_STRINGS = YES;
				SWIFT_VERSION = 5.0;
				TARGETED_DEVICE_FAMILY = "1,2";
			};
			name = Debug;
		};
		212A28DF2A6DEC960018F8F4 /* Release */ = {
			isa = XCBuildConfiguration;
			buildSettings = {
				CODE_SIGN_STYLE = Automatic;
				CURRENT_PROJECT_VERSION = 1;
				DEVELOPMENT_TEAM = F5WP2FDW4U;
				GENERATE_INFOPLIST_FILE = YES;
				INFOPLIST_FILE = SBadgeNoti/Info.plist;
				INFOPLIST_KEY_CFBundleDisplayName = SBadgeNoti;
				INFOPLIST_KEY_NSHumanReadableCopyright = "";
				LD_RUNPATH_SEARCH_PATHS = (
					"$(inherited)",
					"@executable_path/Frameworks",
					"@executable_path/../../Frameworks",
				);
				MARKETING_VERSION = 1.0;
				PRODUCT_BUNDLE_IDENTIFIER = com.solitary.SBadge.SBadgeNoti;
				PRODUCT_NAME = "$(TARGET_NAME)";
				SKIP_INSTALL = YES;
				SWIFT_EMIT_LOC_STRINGS = YES;
				SWIFT_VERSION = 5.0;
				TARGETED_DEVICE_FAMILY = "1,2";
			};
			name = Release;
		};
/* End XCBuildConfiguration section */

/* Begin XCConfigurationList section */
		212A28922A6D760C0018F8F4 /* Build configuration list for PBXProject "S-Badge" */ = {
			isa = XCConfigurationList;
			buildConfigurations = (
				212A28B92A6D760D0018F8F4 /* Debug */,
				212A28BA2A6D760D0018F8F4 /* Release */,
			);
			defaultConfigurationIsVisible = 0;
			defaultConfigurationName = Release;
		};
		212A28BB2A6D760D0018F8F4 /* Build configuration list for PBXNativeTarget "S-Badge" */ = {
			isa = XCConfigurationList;
			buildConfigurations = (
				212A28BC2A6D760D0018F8F4 /* Debug */,
				212A28BD2A6D760D0018F8F4 /* Release */,
			);
			defaultConfigurationIsVisible = 0;
			defaultConfigurationName = Release;
		};
		212A28BE2A6D760D0018F8F4 /* Build configuration list for PBXNativeTarget "S-BadgeTests" */ = {
			isa = XCConfigurationList;
			buildConfigurations = (
				212A28BF2A6D760D0018F8F4 /* Debug */,
				212A28C02A6D760D0018F8F4 /* Release */,
			);
			defaultConfigurationIsVisible = 0;
			defaultConfigurationName = Release;
		};
		212A28C12A6D760D0018F8F4 /* Build configuration list for PBXNativeTarget "S-BadgeUITests" */ = {
			isa = XCConfigurationList;
			buildConfigurations = (
				212A28C22A6D760D0018F8F4 /* Debug */,
				212A28C32A6D760D0018F8F4 /* Release */,
			);
			defaultConfigurationIsVisible = 0;
			defaultConfigurationName = Release;
		};
		212A28DD2A6DEC960018F8F4 /* Build configuration list for PBXNativeTarget "SBadgeNoti" */ = {
			isa = XCConfigurationList;
			buildConfigurations = (
				212A28DE2A6DEC960018F8F4 /* Debug */,
				212A28DF2A6DEC960018F8F4 /* Release */,
			);
			defaultConfigurationIsVisible = 0;
			defaultConfigurationName = Release;
		};
/* End XCConfigurationList section */
	};
	rootObject = 212A288F2A6D760C0018F8F4 /* Project object */;
}
